
Microsoft Visual Studio Solution File, Format Version 12.00
# Visual Studio Version 16
VisualStudioVersion = 16.0.29306.81
MinimumVisualStudioVersion = 10.0.40219.1
Project("{8BC9CEB8-8B4A-11D0-8D11-00A0C91BC942}") = "ImageLoader", "ImageLoader\ImageLoader.vcxproj", "{8AA2D64F-E272-4458-9FDE-7290DE68F4EC}"
EndProject
Project("{FAE04EC0-301F-11D3-BF4B-00C04F79EFBC}") = "TextureViewer", "TextureViewer\TextureViewer.csproj", "{E339B099-A84E-41D9-A3F8-F437764CC86D}"
	ProjectSection(ProjectDependencies) = postProject
		{8AA2D64F-E272-4458-9FDE-7290DE68F4EC} = {8AA2D64F-E272-4458-9FDE-7290DE68F4EC}
	EndProjectSection
EndProject
Project("{FAE04EC0-301F-11D3-BF4B-00C04F79EFBC}") = "ImageFramework", "ImageFramework\ImageFramework.csproj", "{1FCF1E39-B845-409F-842D-CCA7CB21DC06}"
	ProjectSection(ProjectDependencies) = postProject
		{D7F88FA5-B8FF-4BBF-B583-54B41B9B6851} = {D7F88FA5-B8FF-4BBF-B583-54B41B9B6851}
	EndProjectSection
EndProject
Project("{FAE04EC0-301F-11D3-BF4B-00C04F79EFBC}") = "ImageViewer", "ImageViewer\ImageViewer.csproj", "{B5E5D6D0-198D-40A4-9865-395DE61326BE}"
EndProject
Project("{8BC9CEB8-8B4A-11D0-8D11-00A0C91BC942}") = "DxImageLoader", "DxImageLoader\DxImageLoader.vcxproj", "{D7F88FA5-B8FF-4BBF-B583-54B41B9B6851}"
EndProject
Project("{FAE04EC0-301F-11D3-BF4B-00C04F79EFBC}") = "FrameworkTests", "FrameworkTests\FrameworkTests.csproj", "{37F3F102-C4E9-4B5B-B3F6-82D7CBAF6B07}"
EndProject
Global
	GlobalSection(SolutionConfigurationPlatforms) = preSolution
		Debug|Any CPU = Debug|Any CPU
		Debug|x64 = Debug|x64
		Debug|x86 = Debug|x86
		Release|Any CPU = Release|Any CPU
		Release|x64 = Release|x64
		Release|x86 = Release|x86
		TestDebug|Any CPU = TestDebug|Any CPU
		TestDebug|x64 = TestDebug|x64
		TestDebug|x86 = TestDebug|x86
	EndGlobalSection
	GlobalSection(ProjectConfigurationPlatforms) = postSolution
		{8AA2D64F-E272-4458-9FDE-7290DE68F4EC}.Debug|Any CPU.ActiveCfg = Debug|Win32
		{8AA2D64F-E272-4458-9FDE-7290DE68F4EC}.Debug|x64.ActiveCfg = Debug|x64
		{8AA2D64F-E272-4458-9FDE-7290DE68F4EC}.Debug|x64.Build.0 = Debug|x64
		{8AA2D64F-E272-4458-9FDE-7290DE68F4EC}.Debug|x86.ActiveCfg = Debug|Win32
		{8AA2D64F-E272-4458-9FDE-7290DE68F4EC}.Debug|x86.Build.0 = Debug|Win32
		{8AA2D64F-E272-4458-9FDE-7290DE68F4EC}.Release|Any CPU.ActiveCfg = Release|Win32
		{8AA2D64F-E272-4458-9FDE-7290DE68F4EC}.Release|x64.ActiveCfg = Release|x64
		{8AA2D64F-E272-4458-9FDE-7290DE68F4EC}.Release|x64.Build.0 = Release|x64
		{8AA2D64F-E272-4458-9FDE-7290DE68F4EC}.Release|x86.ActiveCfg = Release|Win32
		{8AA2D64F-E272-4458-9FDE-7290DE68F4EC}.Release|x86.Build.0 = Release|Win32
		{8AA2D64F-E272-4458-9FDE-7290DE68F4EC}.TestDebug|Any CPU.ActiveCfg = TestDebug|Win32
		{8AA2D64F-E272-4458-9FDE-7290DE68F4EC}.TestDebug|x64.ActiveCfg = TestDebug|x64
		{8AA2D64F-E272-4458-9FDE-7290DE68F4EC}.TestDebug|x64.Build.0 = TestDebug|x64
		{8AA2D64F-E272-4458-9FDE-7290DE68F4EC}.TestDebug|x86.ActiveCfg = TestDebug|Win32
		{8AA2D64F-E272-4458-9FDE-7290DE68F4EC}.TestDebug|x86.Build.0 = TestDebug|Win32
		{E339B099-A84E-41D9-A3F8-F437764CC86D}.Debug|Any CPU.ActiveCfg = Debug|Any CPU
		{E339B099-A84E-41D9-A3F8-F437764CC86D}.Debug|Any CPU.Build.0 = Debug|Any CPU
		{E339B099-A84E-41D9-A3F8-F437764CC86D}.Debug|x64.ActiveCfg = Debug|x64
		{E339B099-A84E-41D9-A3F8-F437764CC86D}.Debug|x64.Build.0 = Debug|x64
		{E339B099-A84E-41D9-A3F8-F437764CC86D}.Debug|x86.ActiveCfg = Debug|Any CPU
		{E339B099-A84E-41D9-A3F8-F437764CC86D}.Debug|x86.Build.0 = Debug|Any CPU
		{E339B099-A84E-41D9-A3F8-F437764CC86D}.Release|Any CPU.ActiveCfg = Release|Any CPU
		{E339B099-A84E-41D9-A3F8-F437764CC86D}.Release|Any CPU.Build.0 = Release|Any CPU
		{E339B099-A84E-41D9-A3F8-F437764CC86D}.Release|x64.ActiveCfg = Release|x64
		{E339B099-A84E-41D9-A3F8-F437764CC86D}.Release|x64.Build.0 = Release|x64
		{E339B099-A84E-41D9-A3F8-F437764CC86D}.Release|x86.ActiveCfg = Release|Any CPU
		{E339B099-A84E-41D9-A3F8-F437764CC86D}.Release|x86.Build.0 = Release|Any CPU
		{E339B099-A84E-41D9-A3F8-F437764CC86D}.TestDebug|Any CPU.ActiveCfg = Debug|Any CPU
		{E339B099-A84E-41D9-A3F8-F437764CC86D}.TestDebug|Any CPU.Build.0 = Debug|Any CPU
		{E339B099-A84E-41D9-A3F8-F437764CC86D}.TestDebug|x64.ActiveCfg = Debug|Any CPU
		{E339B099-A84E-41D9-A3F8-F437764CC86D}.TestDebug|x64.Build.0 = Debug|Any CPU
		{E339B099-A84E-41D9-A3F8-F437764CC86D}.TestDebug|x86.ActiveCfg = Debug|Any CPU
		{E339B099-A84E-41D9-A3F8-F437764CC86D}.TestDebug|x86.Build.0 = Debug|Any CPU
		{1FCF1E39-B845-409F-842D-CCA7CB21DC06}.Debug|Any CPU.ActiveCfg = Debug|Any CPU
		{1FCF1E39-B845-409F-842D-CCA7CB21DC06}.Debug|Any CPU.Build.0 = Debug|Any CPU
		{1FCF1E39-B845-409F-842D-CCA7CB21DC06}.Debug|x64.ActiveCfg = Debug|x64
		{1FCF1E39-B845-409F-842D-CCA7CB21DC06}.Debug|x64.Build.0 = Debug|x64
		{1FCF1E39-B845-409F-842D-CCA7CB21DC06}.Debug|x86.ActiveCfg = Debug|Any CPU
		{1FCF1E39-B845-409F-842D-CCA7CB21DC06}.Debug|x86.Build.0 = Debug|Any CPU
		{1FCF1E39-B845-409F-842D-CCA7CB21DC06}.Release|Any CPU.ActiveCfg = Release|Any CPU
		{1FCF1E39-B845-409F-842D-CCA7CB21DC06}.Release|Any CPU.Build.0 = Release|Any CPU
		{1FCF1E39-B845-409F-842D-CCA7CB21DC06}.Release|x64.ActiveCfg = Release|x64
		{1FCF1E39-B845-409F-842D-CCA7CB21DC06}.Release|x64.Build.0 = Release|x64
		{1FCF1E39-B845-409F-842D-CCA7CB21DC06}.Release|x86.ActiveCfg = Release|Any CPU
		{1FCF1E39-B845-409F-842D-CCA7CB21DC06}.Release|x86.Build.0 = Release|Any CPU
		{1FCF1E39-B845-409F-842D-CCA7CB21DC06}.TestDebug|Any CPU.ActiveCfg = Debug|Any CPU
		{1FCF1E39-B845-409F-842D-CCA7CB21DC06}.TestDebug|Any CPU.Build.0 = Debug|Any CPU
		{1FCF1E39-B845-409F-842D-CCA7CB21DC06}.TestDebug|x64.ActiveCfg = Debug|Any CPU
		{1FCF1E39-B845-409F-842D-CCA7CB21DC06}.TestDebug|x64.Build.0 = Debug|Any CPU
		{1FCF1E39-B845-409F-842D-CCA7CB21DC06}.TestDebug|x86.ActiveCfg = Debug|Any CPU
		{1FCF1E39-B845-409F-842D-CCA7CB21DC06}.TestDebug|x86.Build.0 = Debug|Any CPU
		{B5E5D6D0-198D-40A4-9865-395DE61326BE}.Debug|Any CPU.ActiveCfg = Debug|Any CPU
		{B5E5D6D0-198D-40A4-9865-395DE61326BE}.Debug|Any CPU.Build.0 = Debug|Any CPU
		{B5E5D6D0-198D-40A4-9865-395DE61326BE}.Debug|x64.ActiveCfg = Debug|x64
		{B5E5D6D0-198D-40A4-9865-395DE61326BE}.Debug|x64.Build.0 = Debug|x64
		{B5E5D6D0-198D-40A4-9865-395DE61326BE}.Debug|x86.ActiveCfg = Debug|Any CPU
		{B5E5D6D0-198D-40A4-9865-395DE61326BE}.Debug|x86.Build.0 = Debug|Any CPU
		{B5E5D6D0-198D-40A4-9865-395DE61326BE}.Release|Any CPU.ActiveCfg = Release|Any CPU
		{B5E5D6D0-198D-40A4-9865-395DE61326BE}.Release|Any CPU.Build.0 = Release|Any CPU
		{B5E5D6D0-198D-40A4-9865-395DE61326BE}.Release|x64.ActiveCfg = Release|x64
		{B5E5D6D0-198D-40A4-9865-395DE61326BE}.Release|x64.Build.0 = Release|x64
		{B5E5D6D0-198D-40A4-9865-395DE61326BE}.Release|x86.ActiveCfg = Release|Any CPU
		{B5E5D6D0-198D-40A4-9865-395DE61326BE}.Release|x86.Build.0 = Release|Any CPU
		{B5E5D6D0-198D-40A4-9865-395DE61326BE}.TestDebug|Any CPU.ActiveCfg = Debug|Any CPU
		{B5E5D6D0-198D-40A4-9865-395DE61326BE}.TestDebug|Any CPU.Build.0 = Debug|Any CPU
		{B5E5D6D0-198D-40A4-9865-395DE61326BE}.TestDebug|x64.ActiveCfg = Debug|Any CPU
		{B5E5D6D0-198D-40A4-9865-395DE61326BE}.TestDebug|x64.Build.0 = Debug|Any CPU
		{B5E5D6D0-198D-40A4-9865-395DE61326BE}.TestDebug|x86.ActiveCfg = Debug|Any CPU
		{B5E5D6D0-198D-40A4-9865-395DE61326BE}.TestDebug|x86.Build.0 = Debug|Any CPU
		{D7F88FA5-B8FF-4BBF-B583-54B41B9B6851}.Debug|Any CPU.ActiveCfg = Debug|Win32
		{D7F88FA5-B8FF-4BBF-B583-54B41B9B6851}.Debug|x64.ActiveCfg = Debug|x64
		{D7F88FA5-B8FF-4BBF-B583-54B41B9B6851}.Debug|x64.Build.0 = Debug|x64
		{D7F88FA5-B8FF-4BBF-B583-54B41B9B6851}.Debug|x86.ActiveCfg = Debug|Win32
		{D7F88FA5-B8FF-4BBF-B583-54B41B9B6851}.Debug|x86.Build.0 = Debug|Win32
		{D7F88FA5-B8FF-4BBF-B583-54B41B9B6851}.Release|Any CPU.ActiveCfg = Release|Win32
		{D7F88FA5-B8FF-4BBF-B583-54B41B9B6851}.Release|x64.ActiveCfg = Release|x64
		{D7F88FA5-B8FF-4BBF-B583-54B41B9B6851}.Release|x64.Build.0 = Release|x64
		{D7F88FA5-B8FF-4BBF-B583-54B41B9B6851}.Release|x86.ActiveCfg = Release|Win32
		{D7F88FA5-B8FF-4BBF-B583-54B41B9B6851}.Release|x86.Build.0 = Release|Win32
		{D7F88FA5-B8FF-4BBF-B583-54B41B9B6851}.TestDebug|Any CPU.ActiveCfg = Release|x64
		{D7F88FA5-B8FF-4BBF-B583-54B41B9B6851}.TestDebug|Any CPU.Build.0 = Release|x64
		{D7F88FA5-B8FF-4BBF-B583-54B41B9B6851}.TestDebug|x64.ActiveCfg = Debug|x64
		{D7F88FA5-B8FF-4BBF-B583-54B41B9B6851}.TestDebug|x64.Build.0 = Debug|x64
		{D7F88FA5-B8FF-4BBF-B583-54B41B9B6851}.TestDebug|x86.ActiveCfg = Debug|Win32
		{D7F88FA5-B8FF-4BBF-B583-54B41B9B6851}.TestDebug|x86.Build.0 = Debug|Win32
		{37F3F102-C4E9-4B5B-B3F6-82D7CBAF6B07}.Debug|Any CPU.ActiveCfg = Debug|Any CPU
		{37F3F102-C4E9-4B5B-B3F6-82D7CBAF6B07}.Debug|Any CPU.Build.0 = Debug|Any CPU
		{37F3F102-C4E9-4B5B-B3F6-82D7CBAF6B07}.Debug|x64.ActiveCfg = Debug|x64
		{37F3F102-C4E9-4B5B-B3F6-82D7CBAF6B07}.Debug|x64.Build.0 = Debug|x64
		{37F3F102-C4E9-4B5B-B3F6-82D7CBAF6B07}.Debug|x86.ActiveCfg = Debug|Any CPU
		{37F3F102-C4E9-4B5B-B3F6-82D7CBAF6B07}.Debug|x86.Build.0 = Debug|Any CPU
		{37F3F102-C4E9-4B5B-B3F6-82D7CBAF6B07}.Release|Any CPU.ActiveCfg = Release|Any CPU
		{37F3F102-C4E9-4B5B-B3F6-82D7CBAF6B07}.Release|Any CPU.Build.0 = Release|Any CPU
		{37F3F102-C4E9-4B5B-B3F6-82D7CBAF6B07}.Release|x64.ActiveCfg = Release|x64
		{37F3F102-C4E9-4B5B-B3F6-82D7CBAF6B07}.Release|x64.Build.0 = Release|x64
		{37F3F102-C4E9-4B5B-B3F6-82D7CBAF6B07}.Release|x86.ActiveCfg = Release|Any CPU
		{37F3F102-C4E9-4B5B-B3F6-82D7CBAF6B07}.Release|x86.Build.0 = Release|Any CPU
		{37F3F102-C4E9-4B5B-B3F6-82D7CBAF6B07}.TestDebug|Any CPU.ActiveCfg = Debug|Any CPU
		{37F3F102-C4E9-4B5B-B3F6-82D7CBAF6B07}.TestDebug|Any CPU.Build.0 = Debug|Any CPU
		{37F3F102-C4E9-4B5B-B3F6-82D7CBAF6B07}.TestDebug|x64.ActiveCfg = Debug|Any CPU
		{37F3F102-C4E9-4B5B-B3F6-82D7CBAF6B07}.TestDebug|x64.Build.0 = Debug|Any CPU
		{37F3F102-C4E9-4B5B-B3F6-82D7CBAF6B07}.TestDebug|x86.ActiveCfg = Debug|Any CPU
		{37F3F102-C4E9-4B5B-B3F6-82D7CBAF6B07}.TestDebug|x86.Build.0 = Debug|Any CPU
	EndGlobalSection
	GlobalSection(SolutionProperties) = preSolution
		HideSolutionNode = FALSE
	EndGlobalSection
	GlobalSection(ExtensibilityGlobals) = postSolution
		SolutionGuid = {3985ACF2-47CB-4342-B653-D36F93FD0345}
	EndGlobalSection
EndGlobal
