
Microsoft Visual Studio Solution File, Format Version 12.00
# Visual Studio Version 16
VisualStudioVersion = 16.0.29306.81
MinimumVisualStudioVersion = 10.0.40219.1
Project("{FAE04EC0-301F-11D3-BF4B-00C04F79EFBC}") = "ImageFramework", "ImageFramework\ImageFramework.csproj", "{1FCF1E39-B845-409F-842D-CCA7CB21DC06}"
	ProjectSection(ProjectDependencies) = postProject
		{D7F88FA5-B8FF-4BBF-B583-54B41B9B6851} = {D7F88FA5-B8FF-4BBF-B583-54B41B9B6851}
	EndProjectSection
EndProject
Project("{FAE04EC0-301F-11D3-BF4B-00C04F79EFBC}") = "ImageViewer", "ImageViewer\ImageViewer.csproj", "{B5E5D6D0-198D-40A4-9865-395DE61326BE}"
EndProject
Project("{8BC9CEB8-8B4A-11D0-8D11-00A0C91BC942}") = "DxImageLoader", "DxImageLoader\DxImageLoader.vcxproj", "{D7F88FA5-B8FF-4BBF-B583-54B41B9B6851}"
EndProject
Project("{FAE04EC0-301F-11D3-BF4B-00C04F79EFBC}") = "FrameworkTests", "FrameworkTests\FrameworkTests.csproj", "{37F3F102-C4E9-4B5B-B3F6-82D7CBAF6B07}"
EndProject
Project("{FAE04EC0-301F-11D3-BF4B-00C04F79EFBC}") = "ImageConsole", "ImageConsole\ImageConsole.csproj", "{30D45348-6B50-4A12-BE22-9B16B4B1A2A0}"
EndProject
Project("{8BC9CEB8-8B4A-11D0-8D11-00A0C91BC942}") = "ThumbnailHandler", "ThumbnailHandler\ThumbnailHandler.vcxproj", "{4A25BFFD-D34D-419B-AC91-1B343E87205F}"
EndProject
Project("{8BC9CEB8-8B4A-11D0-8D11-00A0C91BC942}") = "ConsoleTest", "ConsoleTest\ConsoleTest.vcxproj", "{C9F74F52-0FF8-46EE-A43A-5A7BA93D68A1}"
EndProject
Project("{8BC9CEB8-8B4A-11D0-8D11-00A0C91BC942}") = "Compressonator", "dependencies\compressonator\Compressonator\VS2015\CompressonatorLib.vcxproj", "{9EE67DB2-4AD8-4B9A-AE58-2E536412033C}"
EndProject
Global
	GlobalSection(SolutionConfigurationPlatforms) = preSolution
		Debug_DLL|Any CPU = Debug_DLL|Any CPU
		Debug_DLL|x64 = Debug_DLL|x64
		Debug_DLL|x86 = Debug_DLL|x86
		Debug_MD_DLL|Any CPU = Debug_MD_DLL|Any CPU
		Debug_MD_DLL|x64 = Debug_MD_DLL|x64
		Debug_MD_DLL|x86 = Debug_MD_DLL|x86
		Debug_MD|Any CPU = Debug_MD|Any CPU
		Debug_MD|x64 = Debug_MD|x64
		Debug_MD|x86 = Debug_MD|x86
		Debug|Any CPU = Debug|Any CPU
		Debug|x64 = Debug|x64
		Debug|x86 = Debug|x86
		Release_DLL|Any CPU = Release_DLL|Any CPU
		Release_DLL|x64 = Release_DLL|x64
		Release_DLL|x86 = Release_DLL|x86
		Release_MD_DLL|Any CPU = Release_MD_DLL|Any CPU
		Release_MD_DLL|x64 = Release_MD_DLL|x64
		Release_MD_DLL|x86 = Release_MD_DLL|x86
		Release_MD|Any CPU = Release_MD|Any CPU
		Release_MD|x64 = Release_MD|x64
		Release_MD|x86 = Release_MD|x86
		Release|Any CPU = Release|Any CPU
		Release|x64 = Release|x64
		Release|x86 = Release|x86
		TestDebug|Any CPU = TestDebug|Any CPU
		TestDebug|x64 = TestDebug|x64
		TestDebug|x86 = TestDebug|x86
	EndGlobalSection
	GlobalSection(ProjectConfigurationPlatforms) = postSolution
		{1FCF1E39-B845-409F-842D-CCA7CB21DC06}.Debug_DLL|Any CPU.ActiveCfg = Debug|Any CPU
		{1FCF1E39-B845-409F-842D-CCA7CB21DC06}.Debug_DLL|Any CPU.Build.0 = Debug|Any CPU
		{1FCF1E39-B845-409F-842D-CCA7CB21DC06}.Debug_DLL|x64.ActiveCfg = Debug|x64
		{1FCF1E39-B845-409F-842D-CCA7CB21DC06}.Debug_DLL|x64.Build.0 = Debug|x64
		{1FCF1E39-B845-409F-842D-CCA7CB21DC06}.Debug_DLL|x86.ActiveCfg = Debug|Any CPU
		{1FCF1E39-B845-409F-842D-CCA7CB21DC06}.Debug_DLL|x86.Build.0 = Debug|Any CPU
		{1FCF1E39-B845-409F-842D-CCA7CB21DC06}.Debug_MD_DLL|Any CPU.ActiveCfg = Debug|Any CPU
		{1FCF1E39-B845-409F-842D-CCA7CB21DC06}.Debug_MD_DLL|Any CPU.Build.0 = Debug|Any CPU
		{1FCF1E39-B845-409F-842D-CCA7CB21DC06}.Debug_MD_DLL|x64.ActiveCfg = Debug|x64
		{1FCF1E39-B845-409F-842D-CCA7CB21DC06}.Debug_MD_DLL|x64.Build.0 = Debug|x64
		{1FCF1E39-B845-409F-842D-CCA7CB21DC06}.Debug_MD_DLL|x86.ActiveCfg = Debug|Any CPU
		{1FCF1E39-B845-409F-842D-CCA7CB21DC06}.Debug_MD_DLL|x86.Build.0 = Debug|Any CPU
		{1FCF1E39-B845-409F-842D-CCA7CB21DC06}.Debug_MD|Any CPU.ActiveCfg = Debug|Any CPU
		{1FCF1E39-B845-409F-842D-CCA7CB21DC06}.Debug_MD|Any CPU.Build.0 = Debug|Any CPU
		{1FCF1E39-B845-409F-842D-CCA7CB21DC06}.Debug_MD|x64.ActiveCfg = Debug|x64
		{1FCF1E39-B845-409F-842D-CCA7CB21DC06}.Debug_MD|x64.Build.0 = Debug|x64
		{1FCF1E39-B845-409F-842D-CCA7CB21DC06}.Debug_MD|x86.ActiveCfg = Debug|Any CPU
		{1FCF1E39-B845-409F-842D-CCA7CB21DC06}.Debug_MD|x86.Build.0 = Debug|Any CPU
		{1FCF1E39-B845-409F-842D-CCA7CB21DC06}.Debug|Any CPU.ActiveCfg = Debug|Any CPU
		{1FCF1E39-B845-409F-842D-CCA7CB21DC06}.Debug|Any CPU.Build.0 = Debug|Any CPU
		{1FCF1E39-B845-409F-842D-CCA7CB21DC06}.Debug|x64.ActiveCfg = Debug|x64
		{1FCF1E39-B845-409F-842D-CCA7CB21DC06}.Debug|x64.Build.0 = Debug|x64
		{1FCF1E39-B845-409F-842D-CCA7CB21DC06}.Debug|x86.ActiveCfg = Debug|Any CPU
		{1FCF1E39-B845-409F-842D-CCA7CB21DC06}.Debug|x86.Build.0 = Debug|Any CPU
		{1FCF1E39-B845-409F-842D-CCA7CB21DC06}.Release_DLL|Any CPU.ActiveCfg = Release|Any CPU
		{1FCF1E39-B845-409F-842D-CCA7CB21DC06}.Release_DLL|Any CPU.Build.0 = Release|Any CPU
		{1FCF1E39-B845-409F-842D-CCA7CB21DC06}.Release_DLL|x64.ActiveCfg = Release|x64
		{1FCF1E39-B845-409F-842D-CCA7CB21DC06}.Release_DLL|x64.Build.0 = Release|x64
		{1FCF1E39-B845-409F-842D-CCA7CB21DC06}.Release_DLL|x86.ActiveCfg = Release|Any CPU
		{1FCF1E39-B845-409F-842D-CCA7CB21DC06}.Release_DLL|x86.Build.0 = Release|Any CPU
		{1FCF1E39-B845-409F-842D-CCA7CB21DC06}.Release_MD_DLL|Any CPU.ActiveCfg = Release|Any CPU
		{1FCF1E39-B845-409F-842D-CCA7CB21DC06}.Release_MD_DLL|Any CPU.Build.0 = Release|Any CPU
		{1FCF1E39-B845-409F-842D-CCA7CB21DC06}.Release_MD_DLL|x64.ActiveCfg = Release|x64
		{1FCF1E39-B845-409F-842D-CCA7CB21DC06}.Release_MD_DLL|x64.Build.0 = Release|x64
		{1FCF1E39-B845-409F-842D-CCA7CB21DC06}.Release_MD_DLL|x86.ActiveCfg = Release|Any CPU
		{1FCF1E39-B845-409F-842D-CCA7CB21DC06}.Release_MD_DLL|x86.Build.0 = Release|Any CPU
		{1FCF1E39-B845-409F-842D-CCA7CB21DC06}.Release_MD|Any CPU.ActiveCfg = Release|Any CPU
		{1FCF1E39-B845-409F-842D-CCA7CB21DC06}.Release_MD|Any CPU.Build.0 = Release|Any CPU
		{1FCF1E39-B845-409F-842D-CCA7CB21DC06}.Release_MD|x64.ActiveCfg = Release|x64
		{1FCF1E39-B845-409F-842D-CCA7CB21DC06}.Release_MD|x64.Build.0 = Release|x64
		{1FCF1E39-B845-409F-842D-CCA7CB21DC06}.Release_MD|x86.ActiveCfg = Release|Any CPU
		{1FCF1E39-B845-409F-842D-CCA7CB21DC06}.Release_MD|x86.Build.0 = Release|Any CPU
		{1FCF1E39-B845-409F-842D-CCA7CB21DC06}.Release|Any CPU.ActiveCfg = Release|Any CPU
		{1FCF1E39-B845-409F-842D-CCA7CB21DC06}.Release|Any CPU.Build.0 = Release|Any CPU
		{1FCF1E39-B845-409F-842D-CCA7CB21DC06}.Release|x64.ActiveCfg = Release|x64
		{1FCF1E39-B845-409F-842D-CCA7CB21DC06}.Release|x64.Build.0 = Release|x64
		{1FCF1E39-B845-409F-842D-CCA7CB21DC06}.Release|x86.ActiveCfg = Release|Any CPU
		{1FCF1E39-B845-409F-842D-CCA7CB21DC06}.Release|x86.Build.0 = Release|Any CPU
		{1FCF1E39-B845-409F-842D-CCA7CB21DC06}.TestDebug|Any CPU.ActiveCfg = Debug|Any CPU
		{1FCF1E39-B845-409F-842D-CCA7CB21DC06}.TestDebug|Any CPU.Build.0 = Debug|Any CPU
		{1FCF1E39-B845-409F-842D-CCA7CB21DC06}.TestDebug|x64.ActiveCfg = Debug|Any CPU
		{1FCF1E39-B845-409F-842D-CCA7CB21DC06}.TestDebug|x64.Build.0 = Debug|Any CPU
		{1FCF1E39-B845-409F-842D-CCA7CB21DC06}.TestDebug|x86.ActiveCfg = Debug|Any CPU
		{1FCF1E39-B845-409F-842D-CCA7CB21DC06}.TestDebug|x86.Build.0 = Debug|Any CPU
		{B5E5D6D0-198D-40A4-9865-395DE61326BE}.Debug_DLL|Any CPU.ActiveCfg = Debug|Any CPU
		{B5E5D6D0-198D-40A4-9865-395DE61326BE}.Debug_DLL|Any CPU.Build.0 = Debug|Any CPU
		{B5E5D6D0-198D-40A4-9865-395DE61326BE}.Debug_DLL|x64.ActiveCfg = Debug|x64
		{B5E5D6D0-198D-40A4-9865-395DE61326BE}.Debug_DLL|x64.Build.0 = Debug|x64
		{B5E5D6D0-198D-40A4-9865-395DE61326BE}.Debug_DLL|x86.ActiveCfg = Debug|Any CPU
		{B5E5D6D0-198D-40A4-9865-395DE61326BE}.Debug_DLL|x86.Build.0 = Debug|Any CPU
		{B5E5D6D0-198D-40A4-9865-395DE61326BE}.Debug_MD_DLL|Any CPU.ActiveCfg = Debug|Any CPU
		{B5E5D6D0-198D-40A4-9865-395DE61326BE}.Debug_MD_DLL|Any CPU.Build.0 = Debug|Any CPU
		{B5E5D6D0-198D-40A4-9865-395DE61326BE}.Debug_MD_DLL|x64.ActiveCfg = Debug|x64
		{B5E5D6D0-198D-40A4-9865-395DE61326BE}.Debug_MD_DLL|x64.Build.0 = Debug|x64
		{B5E5D6D0-198D-40A4-9865-395DE61326BE}.Debug_MD_DLL|x86.ActiveCfg = Debug|Any CPU
		{B5E5D6D0-198D-40A4-9865-395DE61326BE}.Debug_MD_DLL|x86.Build.0 = Debug|Any CPU
		{B5E5D6D0-198D-40A4-9865-395DE61326BE}.Debug_MD|Any CPU.ActiveCfg = Debug|Any CPU
		{B5E5D6D0-198D-40A4-9865-395DE61326BE}.Debug_MD|Any CPU.Build.0 = Debug|Any CPU
		{B5E5D6D0-198D-40A4-9865-395DE61326BE}.Debug_MD|x64.ActiveCfg = Debug|x64
		{B5E5D6D0-198D-40A4-9865-395DE61326BE}.Debug_MD|x64.Build.0 = Debug|x64
		{B5E5D6D0-198D-40A4-9865-395DE61326BE}.Debug_MD|x86.ActiveCfg = Debug|Any CPU
		{B5E5D6D0-198D-40A4-9865-395DE61326BE}.Debug_MD|x86.Build.0 = Debug|Any CPU
		{B5E5D6D0-198D-40A4-9865-395DE61326BE}.Debug|Any CPU.ActiveCfg = Debug|Any CPU
		{B5E5D6D0-198D-40A4-9865-395DE61326BE}.Debug|Any CPU.Build.0 = Debug|Any CPU
		{B5E5D6D0-198D-40A4-9865-395DE61326BE}.Debug|x64.ActiveCfg = Debug|x64
		{B5E5D6D0-198D-40A4-9865-395DE61326BE}.Debug|x64.Build.0 = Debug|x64
		{B5E5D6D0-198D-40A4-9865-395DE61326BE}.Debug|x86.ActiveCfg = Debug|Any CPU
		{B5E5D6D0-198D-40A4-9865-395DE61326BE}.Debug|x86.Build.0 = Debug|Any CPU
		{B5E5D6D0-198D-40A4-9865-395DE61326BE}.Release_DLL|Any CPU.ActiveCfg = Release|Any CPU
		{B5E5D6D0-198D-40A4-9865-395DE61326BE}.Release_DLL|Any CPU.Build.0 = Release|Any CPU
		{B5E5D6D0-198D-40A4-9865-395DE61326BE}.Release_DLL|x64.ActiveCfg = Release|x64
		{B5E5D6D0-198D-40A4-9865-395DE61326BE}.Release_DLL|x64.Build.0 = Release|x64
		{B5E5D6D0-198D-40A4-9865-395DE61326BE}.Release_DLL|x86.ActiveCfg = Release|Any CPU
		{B5E5D6D0-198D-40A4-9865-395DE61326BE}.Release_DLL|x86.Build.0 = Release|Any CPU
		{B5E5D6D0-198D-40A4-9865-395DE61326BE}.Release_MD_DLL|Any CPU.ActiveCfg = Release|Any CPU
		{B5E5D6D0-198D-40A4-9865-395DE61326BE}.Release_MD_DLL|Any CPU.Build.0 = Release|Any CPU
		{B5E5D6D0-198D-40A4-9865-395DE61326BE}.Release_MD_DLL|x64.ActiveCfg = Release|x64
		{B5E5D6D0-198D-40A4-9865-395DE61326BE}.Release_MD_DLL|x64.Build.0 = Release|x64
		{B5E5D6D0-198D-40A4-9865-395DE61326BE}.Release_MD_DLL|x86.ActiveCfg = Release|Any CPU
		{B5E5D6D0-198D-40A4-9865-395DE61326BE}.Release_MD_DLL|x86.Build.0 = Release|Any CPU
		{B5E5D6D0-198D-40A4-9865-395DE61326BE}.Release_MD|Any CPU.ActiveCfg = Release|Any CPU
		{B5E5D6D0-198D-40A4-9865-395DE61326BE}.Release_MD|Any CPU.Build.0 = Release|Any CPU
		{B5E5D6D0-198D-40A4-9865-395DE61326BE}.Release_MD|x64.ActiveCfg = Release|x64
		{B5E5D6D0-198D-40A4-9865-395DE61326BE}.Release_MD|x64.Build.0 = Release|x64
		{B5E5D6D0-198D-40A4-9865-395DE61326BE}.Release_MD|x86.ActiveCfg = Release|Any CPU
		{B5E5D6D0-198D-40A4-9865-395DE61326BE}.Release_MD|x86.Build.0 = Release|Any CPU
		{B5E5D6D0-198D-40A4-9865-395DE61326BE}.Release|Any CPU.ActiveCfg = Release|Any CPU
		{B5E5D6D0-198D-40A4-9865-395DE61326BE}.Release|Any CPU.Build.0 = Release|Any CPU
		{B5E5D6D0-198D-40A4-9865-395DE61326BE}.Release|x64.ActiveCfg = Release|x64
		{B5E5D6D0-198D-40A4-9865-395DE61326BE}.Release|x64.Build.0 = Release|x64
		{B5E5D6D0-198D-40A4-9865-395DE61326BE}.Release|x86.ActiveCfg = Release|Any CPU
		{B5E5D6D0-198D-40A4-9865-395DE61326BE}.Release|x86.Build.0 = Release|Any CPU
		{B5E5D6D0-198D-40A4-9865-395DE61326BE}.TestDebug|Any CPU.ActiveCfg = Debug|Any CPU
		{B5E5D6D0-198D-40A4-9865-395DE61326BE}.TestDebug|Any CPU.Build.0 = Debug|Any CPU
		{B5E5D6D0-198D-40A4-9865-395DE61326BE}.TestDebug|x64.ActiveCfg = Debug|Any CPU
		{B5E5D6D0-198D-40A4-9865-395DE61326BE}.TestDebug|x64.Build.0 = Debug|Any CPU
		{B5E5D6D0-198D-40A4-9865-395DE61326BE}.TestDebug|x86.ActiveCfg = Debug|Any CPU
		{B5E5D6D0-198D-40A4-9865-395DE61326BE}.TestDebug|x86.Build.0 = Debug|Any CPU
		{D7F88FA5-B8FF-4BBF-B583-54B41B9B6851}.Debug_DLL|Any CPU.ActiveCfg = Release|x64
		{D7F88FA5-B8FF-4BBF-B583-54B41B9B6851}.Debug_DLL|Any CPU.Build.0 = Release|x64
		{D7F88FA5-B8FF-4BBF-B583-54B41B9B6851}.Debug_DLL|x64.ActiveCfg = Debug|x64
		{D7F88FA5-B8FF-4BBF-B583-54B41B9B6851}.Debug_DLL|x64.Build.0 = Debug|x64
		{D7F88FA5-B8FF-4BBF-B583-54B41B9B6851}.Debug_DLL|x86.ActiveCfg = Debug|Win32
		{D7F88FA5-B8FF-4BBF-B583-54B41B9B6851}.Debug_DLL|x86.Build.0 = Debug|Win32
		{D7F88FA5-B8FF-4BBF-B583-54B41B9B6851}.Debug_MD_DLL|Any CPU.ActiveCfg = Release|x64
		{D7F88FA5-B8FF-4BBF-B583-54B41B9B6851}.Debug_MD_DLL|Any CPU.Build.0 = Release|x64
		{D7F88FA5-B8FF-4BBF-B583-54B41B9B6851}.Debug_MD_DLL|x64.ActiveCfg = Debug|x64
		{D7F88FA5-B8FF-4BBF-B583-54B41B9B6851}.Debug_MD_DLL|x64.Build.0 = Debug|x64
		{D7F88FA5-B8FF-4BBF-B583-54B41B9B6851}.Debug_MD_DLL|x86.ActiveCfg = Debug|Win32
		{D7F88FA5-B8FF-4BBF-B583-54B41B9B6851}.Debug_MD_DLL|x86.Build.0 = Debug|Win32
		{D7F88FA5-B8FF-4BBF-B583-54B41B9B6851}.Debug_MD|Any CPU.ActiveCfg = Release|x64
		{D7F88FA5-B8FF-4BBF-B583-54B41B9B6851}.Debug_MD|Any CPU.Build.0 = Release|x64
		{D7F88FA5-B8FF-4BBF-B583-54B41B9B6851}.Debug_MD|x64.ActiveCfg = Debug|x64
		{D7F88FA5-B8FF-4BBF-B583-54B41B9B6851}.Debug_MD|x64.Build.0 = Debug|x64
		{D7F88FA5-B8FF-4BBF-B583-54B41B9B6851}.Debug_MD|x86.ActiveCfg = Debug|Win32
		{D7F88FA5-B8FF-4BBF-B583-54B41B9B6851}.Debug_MD|x86.Build.0 = Debug|Win32
		{D7F88FA5-B8FF-4BBF-B583-54B41B9B6851}.Debug|Any CPU.ActiveCfg = Debug|Win32
		{D7F88FA5-B8FF-4BBF-B583-54B41B9B6851}.Debug|x64.ActiveCfg = Debug|x64
		{D7F88FA5-B8FF-4BBF-B583-54B41B9B6851}.Debug|x64.Build.0 = Debug|x64
		{D7F88FA5-B8FF-4BBF-B583-54B41B9B6851}.Debug|x86.ActiveCfg = Debug|Win32
		{D7F88FA5-B8FF-4BBF-B583-54B41B9B6851}.Debug|x86.Build.0 = Debug|Win32
		{D7F88FA5-B8FF-4BBF-B583-54B41B9B6851}.Release_DLL|Any CPU.ActiveCfg = Release|x64
		{D7F88FA5-B8FF-4BBF-B583-54B41B9B6851}.Release_DLL|Any CPU.Build.0 = Release|x64
		{D7F88FA5-B8FF-4BBF-B583-54B41B9B6851}.Release_DLL|x64.ActiveCfg = Release|x64
		{D7F88FA5-B8FF-4BBF-B583-54B41B9B6851}.Release_DLL|x64.Build.0 = Release|x64
		{D7F88FA5-B8FF-4BBF-B583-54B41B9B6851}.Release_DLL|x86.ActiveCfg = Release|Win32
		{D7F88FA5-B8FF-4BBF-B583-54B41B9B6851}.Release_DLL|x86.Build.0 = Release|Win32
		{D7F88FA5-B8FF-4BBF-B583-54B41B9B6851}.Release_MD_DLL|Any CPU.ActiveCfg = Release|x64
		{D7F88FA5-B8FF-4BBF-B583-54B41B9B6851}.Release_MD_DLL|Any CPU.Build.0 = Release|x64
		{D7F88FA5-B8FF-4BBF-B583-54B41B9B6851}.Release_MD_DLL|x64.ActiveCfg = Release|x64
		{D7F88FA5-B8FF-4BBF-B583-54B41B9B6851}.Release_MD_DLL|x64.Build.0 = Release|x64
		{D7F88FA5-B8FF-4BBF-B583-54B41B9B6851}.Release_MD_DLL|x86.ActiveCfg = Release|Win32
		{D7F88FA5-B8FF-4BBF-B583-54B41B9B6851}.Release_MD_DLL|x86.Build.0 = Release|Win32
		{D7F88FA5-B8FF-4BBF-B583-54B41B9B6851}.Release_MD|Any CPU.ActiveCfg = Release|x64
		{D7F88FA5-B8FF-4BBF-B583-54B41B9B6851}.Release_MD|Any CPU.Build.0 = Release|x64
		{D7F88FA5-B8FF-4BBF-B583-54B41B9B6851}.Release_MD|x64.ActiveCfg = Release|x64
		{D7F88FA5-B8FF-4BBF-B583-54B41B9B6851}.Release_MD|x64.Build.0 = Release|x64
		{D7F88FA5-B8FF-4BBF-B583-54B41B9B6851}.Release_MD|x86.ActiveCfg = Release|Win32
		{D7F88FA5-B8FF-4BBF-B583-54B41B9B6851}.Release_MD|x86.Build.0 = Release|Win32
		{D7F88FA5-B8FF-4BBF-B583-54B41B9B6851}.Release|Any CPU.ActiveCfg = Release|Win32
		{D7F88FA5-B8FF-4BBF-B583-54B41B9B6851}.Release|x64.ActiveCfg = Release|x64
		{D7F88FA5-B8FF-4BBF-B583-54B41B9B6851}.Release|x64.Build.0 = Release|x64
		{D7F88FA5-B8FF-4BBF-B583-54B41B9B6851}.Release|x86.ActiveCfg = Release|Win32
		{D7F88FA5-B8FF-4BBF-B583-54B41B9B6851}.Release|x86.Build.0 = Release|Win32
		{D7F88FA5-B8FF-4BBF-B583-54B41B9B6851}.TestDebug|Any CPU.ActiveCfg = Release|x64
		{D7F88FA5-B8FF-4BBF-B583-54B41B9B6851}.TestDebug|Any CPU.Build.0 = Release|x64
		{D7F88FA5-B8FF-4BBF-B583-54B41B9B6851}.TestDebug|x64.ActiveCfg = Debug|x64
		{D7F88FA5-B8FF-4BBF-B583-54B41B9B6851}.TestDebug|x64.Build.0 = Debug|x64
		{D7F88FA5-B8FF-4BBF-B583-54B41B9B6851}.TestDebug|x86.ActiveCfg = Debug|Win32
		{D7F88FA5-B8FF-4BBF-B583-54B41B9B6851}.TestDebug|x86.Build.0 = Debug|Win32
		{37F3F102-C4E9-4B5B-B3F6-82D7CBAF6B07}.Debug_DLL|Any CPU.ActiveCfg = Debug|Any CPU
		{37F3F102-C4E9-4B5B-B3F6-82D7CBAF6B07}.Debug_DLL|Any CPU.Build.0 = Debug|Any CPU
		{37F3F102-C4E9-4B5B-B3F6-82D7CBAF6B07}.Debug_DLL|x64.ActiveCfg = Debug|x64
		{37F3F102-C4E9-4B5B-B3F6-82D7CBAF6B07}.Debug_DLL|x64.Build.0 = Debug|x64
		{37F3F102-C4E9-4B5B-B3F6-82D7CBAF6B07}.Debug_DLL|x86.ActiveCfg = Debug|Any CPU
		{37F3F102-C4E9-4B5B-B3F6-82D7CBAF6B07}.Debug_DLL|x86.Build.0 = Debug|Any CPU
		{37F3F102-C4E9-4B5B-B3F6-82D7CBAF6B07}.Debug_MD_DLL|Any CPU.ActiveCfg = Debug|Any CPU
		{37F3F102-C4E9-4B5B-B3F6-82D7CBAF6B07}.Debug_MD_DLL|Any CPU.Build.0 = Debug|Any CPU
		{37F3F102-C4E9-4B5B-B3F6-82D7CBAF6B07}.Debug_MD_DLL|x64.ActiveCfg = Debug|x64
		{37F3F102-C4E9-4B5B-B3F6-82D7CBAF6B07}.Debug_MD_DLL|x64.Build.0 = Debug|x64
		{37F3F102-C4E9-4B5B-B3F6-82D7CBAF6B07}.Debug_MD_DLL|x86.ActiveCfg = Debug|Any CPU
		{37F3F102-C4E9-4B5B-B3F6-82D7CBAF6B07}.Debug_MD_DLL|x86.Build.0 = Debug|Any CPU
		{37F3F102-C4E9-4B5B-B3F6-82D7CBAF6B07}.Debug_MD|Any CPU.ActiveCfg = Debug|Any CPU
		{37F3F102-C4E9-4B5B-B3F6-82D7CBAF6B07}.Debug_MD|Any CPU.Build.0 = Debug|Any CPU
		{37F3F102-C4E9-4B5B-B3F6-82D7CBAF6B07}.Debug_MD|x64.ActiveCfg = Debug|x64
		{37F3F102-C4E9-4B5B-B3F6-82D7CBAF6B07}.Debug_MD|x64.Build.0 = Debug|x64
		{37F3F102-C4E9-4B5B-B3F6-82D7CBAF6B07}.Debug_MD|x86.ActiveCfg = Debug|Any CPU
		{37F3F102-C4E9-4B5B-B3F6-82D7CBAF6B07}.Debug_MD|x86.Build.0 = Debug|Any CPU
		{37F3F102-C4E9-4B5B-B3F6-82D7CBAF6B07}.Debug|Any CPU.ActiveCfg = Debug|Any CPU
		{37F3F102-C4E9-4B5B-B3F6-82D7CBAF6B07}.Debug|Any CPU.Build.0 = Debug|Any CPU
		{37F3F102-C4E9-4B5B-B3F6-82D7CBAF6B07}.Debug|x64.ActiveCfg = Debug|x64
		{37F3F102-C4E9-4B5B-B3F6-82D7CBAF6B07}.Debug|x64.Build.0 = Debug|x64
		{37F3F102-C4E9-4B5B-B3F6-82D7CBAF6B07}.Debug|x86.ActiveCfg = Debug|Any CPU
		{37F3F102-C4E9-4B5B-B3F6-82D7CBAF6B07}.Debug|x86.Build.0 = Debug|Any CPU
		{37F3F102-C4E9-4B5B-B3F6-82D7CBAF6B07}.Release_DLL|Any CPU.ActiveCfg = Release|Any CPU
		{37F3F102-C4E9-4B5B-B3F6-82D7CBAF6B07}.Release_DLL|Any CPU.Build.0 = Release|Any CPU
		{37F3F102-C4E9-4B5B-B3F6-82D7CBAF6B07}.Release_DLL|x64.ActiveCfg = Release|x64
		{37F3F102-C4E9-4B5B-B3F6-82D7CBAF6B07}.Release_DLL|x64.Build.0 = Release|x64
		{37F3F102-C4E9-4B5B-B3F6-82D7CBAF6B07}.Release_DLL|x86.ActiveCfg = Release|Any CPU
		{37F3F102-C4E9-4B5B-B3F6-82D7CBAF6B07}.Release_DLL|x86.Build.0 = Release|Any CPU
		{37F3F102-C4E9-4B5B-B3F6-82D7CBAF6B07}.Release_MD_DLL|Any CPU.ActiveCfg = Release|Any CPU
		{37F3F102-C4E9-4B5B-B3F6-82D7CBAF6B07}.Release_MD_DLL|Any CPU.Build.0 = Release|Any CPU
		{37F3F102-C4E9-4B5B-B3F6-82D7CBAF6B07}.Release_MD_DLL|x64.ActiveCfg = Release|x64
		{37F3F102-C4E9-4B5B-B3F6-82D7CBAF6B07}.Release_MD_DLL|x64.Build.0 = Release|x64
		{37F3F102-C4E9-4B5B-B3F6-82D7CBAF6B07}.Release_MD_DLL|x86.ActiveCfg = Release|Any CPU
		{37F3F102-C4E9-4B5B-B3F6-82D7CBAF6B07}.Release_MD_DLL|x86.Build.0 = Release|Any CPU
		{37F3F102-C4E9-4B5B-B3F6-82D7CBAF6B07}.Release_MD|Any CPU.ActiveCfg = Release|Any CPU
		{37F3F102-C4E9-4B5B-B3F6-82D7CBAF6B07}.Release_MD|Any CPU.Build.0 = Release|Any CPU
		{37F3F102-C4E9-4B5B-B3F6-82D7CBAF6B07}.Release_MD|x64.ActiveCfg = Release|x64
		{37F3F102-C4E9-4B5B-B3F6-82D7CBAF6B07}.Release_MD|x64.Build.0 = Release|x64
		{37F3F102-C4E9-4B5B-B3F6-82D7CBAF6B07}.Release_MD|x86.ActiveCfg = Release|Any CPU
		{37F3F102-C4E9-4B5B-B3F6-82D7CBAF6B07}.Release_MD|x86.Build.0 = Release|Any CPU
		{37F3F102-C4E9-4B5B-B3F6-82D7CBAF6B07}.Release|Any CPU.ActiveCfg = Release|Any CPU
		{37F3F102-C4E9-4B5B-B3F6-82D7CBAF6B07}.Release|Any CPU.Build.0 = Release|Any CPU
		{37F3F102-C4E9-4B5B-B3F6-82D7CBAF6B07}.Release|x64.ActiveCfg = Release|x64
		{37F3F102-C4E9-4B5B-B3F6-82D7CBAF6B07}.Release|x64.Build.0 = Release|x64
		{37F3F102-C4E9-4B5B-B3F6-82D7CBAF6B07}.Release|x86.ActiveCfg = Release|Any CPU
		{37F3F102-C4E9-4B5B-B3F6-82D7CBAF6B07}.Release|x86.Build.0 = Release|Any CPU
		{37F3F102-C4E9-4B5B-B3F6-82D7CBAF6B07}.TestDebug|Any CPU.ActiveCfg = Debug|Any CPU
		{37F3F102-C4E9-4B5B-B3F6-82D7CBAF6B07}.TestDebug|Any CPU.Build.0 = Debug|Any CPU
		{37F3F102-C4E9-4B5B-B3F6-82D7CBAF6B07}.TestDebug|x64.ActiveCfg = Debug|Any CPU
		{37F3F102-C4E9-4B5B-B3F6-82D7CBAF6B07}.TestDebug|x64.Build.0 = Debug|Any CPU
		{37F3F102-C4E9-4B5B-B3F6-82D7CBAF6B07}.TestDebug|x86.ActiveCfg = Debug|Any CPU
		{37F3F102-C4E9-4B5B-B3F6-82D7CBAF6B07}.TestDebug|x86.Build.0 = Debug|Any CPU
		{30D45348-6B50-4A12-BE22-9B16B4B1A2A0}.Debug_DLL|Any CPU.ActiveCfg = Debug|Any CPU
		{30D45348-6B50-4A12-BE22-9B16B4B1A2A0}.Debug_DLL|Any CPU.Build.0 = Debug|Any CPU
		{30D45348-6B50-4A12-BE22-9B16B4B1A2A0}.Debug_DLL|x64.ActiveCfg = Debug|x64
		{30D45348-6B50-4A12-BE22-9B16B4B1A2A0}.Debug_DLL|x64.Build.0 = Debug|x64
		{30D45348-6B50-4A12-BE22-9B16B4B1A2A0}.Debug_DLL|x86.ActiveCfg = Debug|Any CPU
		{30D45348-6B50-4A12-BE22-9B16B4B1A2A0}.Debug_DLL|x86.Build.0 = Debug|Any CPU
		{30D45348-6B50-4A12-BE22-9B16B4B1A2A0}.Debug_MD_DLL|Any CPU.ActiveCfg = Debug|Any CPU
		{30D45348-6B50-4A12-BE22-9B16B4B1A2A0}.Debug_MD_DLL|Any CPU.Build.0 = Debug|Any CPU
		{30D45348-6B50-4A12-BE22-9B16B4B1A2A0}.Debug_MD_DLL|x64.ActiveCfg = Debug|x64
		{30D45348-6B50-4A12-BE22-9B16B4B1A2A0}.Debug_MD_DLL|x64.Build.0 = Debug|x64
		{30D45348-6B50-4A12-BE22-9B16B4B1A2A0}.Debug_MD_DLL|x86.ActiveCfg = Debug|Any CPU
		{30D45348-6B50-4A12-BE22-9B16B4B1A2A0}.Debug_MD_DLL|x86.Build.0 = Debug|Any CPU
		{30D45348-6B50-4A12-BE22-9B16B4B1A2A0}.Debug_MD|Any CPU.ActiveCfg = Debug|Any CPU
		{30D45348-6B50-4A12-BE22-9B16B4B1A2A0}.Debug_MD|Any CPU.Build.0 = Debug|Any CPU
		{30D45348-6B50-4A12-BE22-9B16B4B1A2A0}.Debug_MD|x64.ActiveCfg = Debug|x64
		{30D45348-6B50-4A12-BE22-9B16B4B1A2A0}.Debug_MD|x64.Build.0 = Debug|x64
		{30D45348-6B50-4A12-BE22-9B16B4B1A2A0}.Debug_MD|x86.ActiveCfg = Debug|Any CPU
		{30D45348-6B50-4A12-BE22-9B16B4B1A2A0}.Debug_MD|x86.Build.0 = Debug|Any CPU
		{30D45348-6B50-4A12-BE22-9B16B4B1A2A0}.Debug|Any CPU.ActiveCfg = Debug|Any CPU
		{30D45348-6B50-4A12-BE22-9B16B4B1A2A0}.Debug|Any CPU.Build.0 = Debug|Any CPU
		{30D45348-6B50-4A12-BE22-9B16B4B1A2A0}.Debug|x64.ActiveCfg = Debug|x64
		{30D45348-6B50-4A12-BE22-9B16B4B1A2A0}.Debug|x64.Build.0 = Debug|x64
		{30D45348-6B50-4A12-BE22-9B16B4B1A2A0}.Debug|x86.ActiveCfg = Debug|Any CPU
		{30D45348-6B50-4A12-BE22-9B16B4B1A2A0}.Debug|x86.Build.0 = Debug|Any CPU
		{30D45348-6B50-4A12-BE22-9B16B4B1A2A0}.Release_DLL|Any CPU.ActiveCfg = Release|Any CPU
		{30D45348-6B50-4A12-BE22-9B16B4B1A2A0}.Release_DLL|Any CPU.Build.0 = Release|Any CPU
		{30D45348-6B50-4A12-BE22-9B16B4B1A2A0}.Release_DLL|x64.ActiveCfg = Release|x64
		{30D45348-6B50-4A12-BE22-9B16B4B1A2A0}.Release_DLL|x64.Build.0 = Release|x64
		{30D45348-6B50-4A12-BE22-9B16B4B1A2A0}.Release_DLL|x86.ActiveCfg = Release|Any CPU
		{30D45348-6B50-4A12-BE22-9B16B4B1A2A0}.Release_DLL|x86.Build.0 = Release|Any CPU
		{30D45348-6B50-4A12-BE22-9B16B4B1A2A0}.Release_MD_DLL|Any CPU.ActiveCfg = Release|Any CPU
		{30D45348-6B50-4A12-BE22-9B16B4B1A2A0}.Release_MD_DLL|Any CPU.Build.0 = Release|Any CPU
		{30D45348-6B50-4A12-BE22-9B16B4B1A2A0}.Release_MD_DLL|x64.ActiveCfg = Release|x64
		{30D45348-6B50-4A12-BE22-9B16B4B1A2A0}.Release_MD_DLL|x64.Build.0 = Release|x64
		{30D45348-6B50-4A12-BE22-9B16B4B1A2A0}.Release_MD_DLL|x86.ActiveCfg = Release|Any CPU
		{30D45348-6B50-4A12-BE22-9B16B4B1A2A0}.Release_MD_DLL|x86.Build.0 = Release|Any CPU
		{30D45348-6B50-4A12-BE22-9B16B4B1A2A0}.Release_MD|Any CPU.ActiveCfg = Release|Any CPU
		{30D45348-6B50-4A12-BE22-9B16B4B1A2A0}.Release_MD|Any CPU.Build.0 = Release|Any CPU
		{30D45348-6B50-4A12-BE22-9B16B4B1A2A0}.Release_MD|x64.ActiveCfg = Release|x64
		{30D45348-6B50-4A12-BE22-9B16B4B1A2A0}.Release_MD|x64.Build.0 = Release|x64
		{30D45348-6B50-4A12-BE22-9B16B4B1A2A0}.Release_MD|x86.ActiveCfg = Release|Any CPU
		{30D45348-6B50-4A12-BE22-9B16B4B1A2A0}.Release_MD|x86.Build.0 = Release|Any CPU
		{30D45348-6B50-4A12-BE22-9B16B4B1A2A0}.Release|Any CPU.ActiveCfg = Release|Any CPU
		{30D45348-6B50-4A12-BE22-9B16B4B1A2A0}.Release|Any CPU.Build.0 = Release|Any CPU
		{30D45348-6B50-4A12-BE22-9B16B4B1A2A0}.Release|x64.ActiveCfg = Release|x64
		{30D45348-6B50-4A12-BE22-9B16B4B1A2A0}.Release|x64.Build.0 = Release|x64
		{30D45348-6B50-4A12-BE22-9B16B4B1A2A0}.Release|x86.ActiveCfg = Release|Any CPU
		{30D45348-6B50-4A12-BE22-9B16B4B1A2A0}.Release|x86.Build.0 = Release|Any CPU
		{30D45348-6B50-4A12-BE22-9B16B4B1A2A0}.TestDebug|Any CPU.ActiveCfg = Debug|Any CPU
		{30D45348-6B50-4A12-BE22-9B16B4B1A2A0}.TestDebug|Any CPU.Build.0 = Debug|Any CPU
		{30D45348-6B50-4A12-BE22-9B16B4B1A2A0}.TestDebug|x64.ActiveCfg = Debug|Any CPU
		{30D45348-6B50-4A12-BE22-9B16B4B1A2A0}.TestDebug|x64.Build.0 = Debug|Any CPU
		{30D45348-6B50-4A12-BE22-9B16B4B1A2A0}.TestDebug|x86.ActiveCfg = Debug|Any CPU
		{30D45348-6B50-4A12-BE22-9B16B4B1A2A0}.TestDebug|x86.Build.0 = Debug|Any CPU
		{4A25BFFD-D34D-419B-AC91-1B343E87205F}.Debug_DLL|Any CPU.ActiveCfg = Release|x64
		{4A25BFFD-D34D-419B-AC91-1B343E87205F}.Debug_DLL|Any CPU.Build.0 = Release|x64
		{4A25BFFD-D34D-419B-AC91-1B343E87205F}.Debug_DLL|x64.ActiveCfg = Debug|x64
		{4A25BFFD-D34D-419B-AC91-1B343E87205F}.Debug_DLL|x64.Build.0 = Debug|x64
		{4A25BFFD-D34D-419B-AC91-1B343E87205F}.Debug_DLL|x86.ActiveCfg = Debug|Win32
		{4A25BFFD-D34D-419B-AC91-1B343E87205F}.Debug_DLL|x86.Build.0 = Debug|Win32
		{4A25BFFD-D34D-419B-AC91-1B343E87205F}.Debug_MD_DLL|Any CPU.ActiveCfg = Release|x64
		{4A25BFFD-D34D-419B-AC91-1B343E87205F}.Debug_MD_DLL|Any CPU.Build.0 = Release|x64
		{4A25BFFD-D34D-419B-AC91-1B343E87205F}.Debug_MD_DLL|x64.ActiveCfg = Debug|x64
		{4A25BFFD-D34D-419B-AC91-1B343E87205F}.Debug_MD_DLL|x64.Build.0 = Debug|x64
		{4A25BFFD-D34D-419B-AC91-1B343E87205F}.Debug_MD_DLL|x86.ActiveCfg = Debug|Win32
		{4A25BFFD-D34D-419B-AC91-1B343E87205F}.Debug_MD_DLL|x86.Build.0 = Debug|Win32
		{4A25BFFD-D34D-419B-AC91-1B343E87205F}.Debug_MD|Any CPU.ActiveCfg = Release|x64
		{4A25BFFD-D34D-419B-AC91-1B343E87205F}.Debug_MD|Any CPU.Build.0 = Release|x64
		{4A25BFFD-D34D-419B-AC91-1B343E87205F}.Debug_MD|x64.ActiveCfg = Debug|x64
		{4A25BFFD-D34D-419B-AC91-1B343E87205F}.Debug_MD|x64.Build.0 = Debug|x64
		{4A25BFFD-D34D-419B-AC91-1B343E87205F}.Debug_MD|x86.ActiveCfg = Debug|Win32
		{4A25BFFD-D34D-419B-AC91-1B343E87205F}.Debug_MD|x86.Build.0 = Debug|Win32
		{4A25BFFD-D34D-419B-AC91-1B343E87205F}.Debug|Any CPU.ActiveCfg = Debug|Win32
		{4A25BFFD-D34D-419B-AC91-1B343E87205F}.Debug|x64.ActiveCfg = Debug|x64
		{4A25BFFD-D34D-419B-AC91-1B343E87205F}.Debug|x64.Build.0 = Debug|x64
		{4A25BFFD-D34D-419B-AC91-1B343E87205F}.Debug|x86.ActiveCfg = Debug|Win32
		{4A25BFFD-D34D-419B-AC91-1B343E87205F}.Debug|x86.Build.0 = Debug|Win32
		{4A25BFFD-D34D-419B-AC91-1B343E87205F}.Release_DLL|Any CPU.ActiveCfg = Release|x64
		{4A25BFFD-D34D-419B-AC91-1B343E87205F}.Release_DLL|Any CPU.Build.0 = Release|x64
		{4A25BFFD-D34D-419B-AC91-1B343E87205F}.Release_DLL|x64.ActiveCfg = Release|x64
		{4A25BFFD-D34D-419B-AC91-1B343E87205F}.Release_DLL|x64.Build.0 = Release|x64
		{4A25BFFD-D34D-419B-AC91-1B343E87205F}.Release_DLL|x86.ActiveCfg = Release|Win32
		{4A25BFFD-D34D-419B-AC91-1B343E87205F}.Release_DLL|x86.Build.0 = Release|Win32
		{4A25BFFD-D34D-419B-AC91-1B343E87205F}.Release_MD_DLL|Any CPU.ActiveCfg = Release|x64
		{4A25BFFD-D34D-419B-AC91-1B343E87205F}.Release_MD_DLL|Any CPU.Build.0 = Release|x64
		{4A25BFFD-D34D-419B-AC91-1B343E87205F}.Release_MD_DLL|x64.ActiveCfg = Release|x64
		{4A25BFFD-D34D-419B-AC91-1B343E87205F}.Release_MD_DLL|x64.Build.0 = Release|x64
		{4A25BFFD-D34D-419B-AC91-1B343E87205F}.Release_MD_DLL|x86.ActiveCfg = Release|Win32
		{4A25BFFD-D34D-419B-AC91-1B343E87205F}.Release_MD_DLL|x86.Build.0 = Release|Win32
		{4A25BFFD-D34D-419B-AC91-1B343E87205F}.Release_MD|Any CPU.ActiveCfg = Release|x64
		{4A25BFFD-D34D-419B-AC91-1B343E87205F}.Release_MD|Any CPU.Build.0 = Release|x64
		{4A25BFFD-D34D-419B-AC91-1B343E87205F}.Release_MD|x64.ActiveCfg = Release|x64
		{4A25BFFD-D34D-419B-AC91-1B343E87205F}.Release_MD|x64.Build.0 = Release|x64
		{4A25BFFD-D34D-419B-AC91-1B343E87205F}.Release_MD|x86.ActiveCfg = Release|Win32
		{4A25BFFD-D34D-419B-AC91-1B343E87205F}.Release_MD|x86.Build.0 = Release|Win32
		{4A25BFFD-D34D-419B-AC91-1B343E87205F}.Release|Any CPU.ActiveCfg = Release|Win32
		{4A25BFFD-D34D-419B-AC91-1B343E87205F}.Release|x64.ActiveCfg = Release|x64
		{4A25BFFD-D34D-419B-AC91-1B343E87205F}.Release|x64.Build.0 = Release|x64
		{4A25BFFD-D34D-419B-AC91-1B343E87205F}.Release|x86.ActiveCfg = Release|Win32
		{4A25BFFD-D34D-419B-AC91-1B343E87205F}.Release|x86.Build.0 = Release|Win32
		{4A25BFFD-D34D-419B-AC91-1B343E87205F}.TestDebug|Any CPU.ActiveCfg = Release|x64
		{4A25BFFD-D34D-419B-AC91-1B343E87205F}.TestDebug|Any CPU.Build.0 = Release|x64
		{4A25BFFD-D34D-419B-AC91-1B343E87205F}.TestDebug|x64.ActiveCfg = Debug|x64
		{4A25BFFD-D34D-419B-AC91-1B343E87205F}.TestDebug|x64.Build.0 = Debug|x64
		{4A25BFFD-D34D-419B-AC91-1B343E87205F}.TestDebug|x86.ActiveCfg = Debug|Win32
		{4A25BFFD-D34D-419B-AC91-1B343E87205F}.TestDebug|x86.Build.0 = Debug|Win32
		{C9F74F52-0FF8-46EE-A43A-5A7BA93D68A1}.Debug_DLL|Any CPU.ActiveCfg = Release|x64
		{C9F74F52-0FF8-46EE-A43A-5A7BA93D68A1}.Debug_DLL|Any CPU.Build.0 = Release|x64
		{C9F74F52-0FF8-46EE-A43A-5A7BA93D68A1}.Debug_DLL|x64.ActiveCfg = Debug|x64
		{C9F74F52-0FF8-46EE-A43A-5A7BA93D68A1}.Debug_DLL|x64.Build.0 = Debug|x64
		{C9F74F52-0FF8-46EE-A43A-5A7BA93D68A1}.Debug_DLL|x86.ActiveCfg = Debug|Win32
		{C9F74F52-0FF8-46EE-A43A-5A7BA93D68A1}.Debug_DLL|x86.Build.0 = Debug|Win32
		{C9F74F52-0FF8-46EE-A43A-5A7BA93D68A1}.Debug_MD_DLL|Any CPU.ActiveCfg = Release|x64
		{C9F74F52-0FF8-46EE-A43A-5A7BA93D68A1}.Debug_MD_DLL|Any CPU.Build.0 = Release|x64
		{C9F74F52-0FF8-46EE-A43A-5A7BA93D68A1}.Debug_MD_DLL|x64.ActiveCfg = Debug|x64
		{C9F74F52-0FF8-46EE-A43A-5A7BA93D68A1}.Debug_MD_DLL|x64.Build.0 = Debug|x64
		{C9F74F52-0FF8-46EE-A43A-5A7BA93D68A1}.Debug_MD_DLL|x86.ActiveCfg = Debug|Win32
		{C9F74F52-0FF8-46EE-A43A-5A7BA93D68A1}.Debug_MD_DLL|x86.Build.0 = Debug|Win32
		{C9F74F52-0FF8-46EE-A43A-5A7BA93D68A1}.Debug_MD|Any CPU.ActiveCfg = Release|x64
		{C9F74F52-0FF8-46EE-A43A-5A7BA93D68A1}.Debug_MD|Any CPU.Build.0 = Release|x64
		{C9F74F52-0FF8-46EE-A43A-5A7BA93D68A1}.Debug_MD|x64.ActiveCfg = Debug|x64
		{C9F74F52-0FF8-46EE-A43A-5A7BA93D68A1}.Debug_MD|x64.Build.0 = Debug|x64
		{C9F74F52-0FF8-46EE-A43A-5A7BA93D68A1}.Debug_MD|x86.ActiveCfg = Debug|Win32
		{C9F74F52-0FF8-46EE-A43A-5A7BA93D68A1}.Debug_MD|x86.Build.0 = Debug|Win32
		{C9F74F52-0FF8-46EE-A43A-5A7BA93D68A1}.Debug|Any CPU.ActiveCfg = Debug|Win32
		{C9F74F52-0FF8-46EE-A43A-5A7BA93D68A1}.Debug|x64.ActiveCfg = Debug|x64
		{C9F74F52-0FF8-46EE-A43A-5A7BA93D68A1}.Debug|x64.Build.0 = Debug|x64
		{C9F74F52-0FF8-46EE-A43A-5A7BA93D68A1}.Debug|x86.ActiveCfg = Debug|Win32
		{C9F74F52-0FF8-46EE-A43A-5A7BA93D68A1}.Debug|x86.Build.0 = Debug|Win32
		{C9F74F52-0FF8-46EE-A43A-5A7BA93D68A1}.Release_DLL|Any CPU.ActiveCfg = Release|x64
		{C9F74F52-0FF8-46EE-A43A-5A7BA93D68A1}.Release_DLL|Any CPU.Build.0 = Release|x64
		{C9F74F52-0FF8-46EE-A43A-5A7BA93D68A1}.Release_DLL|x64.ActiveCfg = Release|x64
		{C9F74F52-0FF8-46EE-A43A-5A7BA93D68A1}.Release_DLL|x64.Build.0 = Release|x64
		{C9F74F52-0FF8-46EE-A43A-5A7BA93D68A1}.Release_DLL|x86.ActiveCfg = Release|Win32
		{C9F74F52-0FF8-46EE-A43A-5A7BA93D68A1}.Release_DLL|x86.Build.0 = Release|Win32
		{C9F74F52-0FF8-46EE-A43A-5A7BA93D68A1}.Release_MD_DLL|Any CPU.ActiveCfg = Release|x64
		{C9F74F52-0FF8-46EE-A43A-5A7BA93D68A1}.Release_MD_DLL|Any CPU.Build.0 = Release|x64
		{C9F74F52-0FF8-46EE-A43A-5A7BA93D68A1}.Release_MD_DLL|x64.ActiveCfg = Release|x64
		{C9F74F52-0FF8-46EE-A43A-5A7BA93D68A1}.Release_MD_DLL|x64.Build.0 = Release|x64
		{C9F74F52-0FF8-46EE-A43A-5A7BA93D68A1}.Release_MD_DLL|x86.ActiveCfg = Release|Win32
		{C9F74F52-0FF8-46EE-A43A-5A7BA93D68A1}.Release_MD_DLL|x86.Build.0 = Release|Win32
		{C9F74F52-0FF8-46EE-A43A-5A7BA93D68A1}.Release_MD|Any CPU.ActiveCfg = Release|x64
		{C9F74F52-0FF8-46EE-A43A-5A7BA93D68A1}.Release_MD|Any CPU.Build.0 = Release|x64
		{C9F74F52-0FF8-46EE-A43A-5A7BA93D68A1}.Release_MD|x64.ActiveCfg = Release|x64
		{C9F74F52-0FF8-46EE-A43A-5A7BA93D68A1}.Release_MD|x64.Build.0 = Release|x64
		{C9F74F52-0FF8-46EE-A43A-5A7BA93D68A1}.Release_MD|x86.ActiveCfg = Release|Win32
		{C9F74F52-0FF8-46EE-A43A-5A7BA93D68A1}.Release_MD|x86.Build.0 = Release|Win32
		{C9F74F52-0FF8-46EE-A43A-5A7BA93D68A1}.Release|Any CPU.ActiveCfg = Release|Win32
		{C9F74F52-0FF8-46EE-A43A-5A7BA93D68A1}.Release|x64.ActiveCfg = Release|x64
		{C9F74F52-0FF8-46EE-A43A-5A7BA93D68A1}.Release|x64.Build.0 = Release|x64
		{C9F74F52-0FF8-46EE-A43A-5A7BA93D68A1}.Release|x86.ActiveCfg = Release|Win32
		{C9F74F52-0FF8-46EE-A43A-5A7BA93D68A1}.Release|x86.Build.0 = Release|Win32
		{C9F74F52-0FF8-46EE-A43A-5A7BA93D68A1}.TestDebug|Any CPU.ActiveCfg = Release|x64
		{C9F74F52-0FF8-46EE-A43A-5A7BA93D68A1}.TestDebug|Any CPU.Build.0 = Release|x64
		{C9F74F52-0FF8-46EE-A43A-5A7BA93D68A1}.TestDebug|x64.ActiveCfg = Debug|x64
		{C9F74F52-0FF8-46EE-A43A-5A7BA93D68A1}.TestDebug|x64.Build.0 = Debug|x64
		{C9F74F52-0FF8-46EE-A43A-5A7BA93D68A1}.TestDebug|x86.ActiveCfg = Debug|Win32
		{C9F74F52-0FF8-46EE-A43A-5A7BA93D68A1}.TestDebug|x86.Build.0 = Debug|Win32
		{9EE67DB2-4AD8-4B9A-AE58-2E536412033C}.Debug_DLL|Any CPU.ActiveCfg = Debug_DLL|Win32
		{9EE67DB2-4AD8-4B9A-AE58-2E536412033C}.Debug_DLL|x64.ActiveCfg = Debug_DLL|x64
		{9EE67DB2-4AD8-4B9A-AE58-2E536412033C}.Debug_DLL|x64.Build.0 = Debug_DLL|x64
		{9EE67DB2-4AD8-4B9A-AE58-2E536412033C}.Debug_DLL|x86.ActiveCfg = Debug_DLL|Win32
		{9EE67DB2-4AD8-4B9A-AE58-2E536412033C}.Debug_DLL|x86.Build.0 = Debug_DLL|Win32
		{9EE67DB2-4AD8-4B9A-AE58-2E536412033C}.Debug_MD_DLL|Any CPU.ActiveCfg = Debug_MD_DLL|Win32
		{9EE67DB2-4AD8-4B9A-AE58-2E536412033C}.Debug_MD_DLL|x64.ActiveCfg = Debug_MD_DLL|x64
		{9EE67DB2-4AD8-4B9A-AE58-2E536412033C}.Debug_MD_DLL|x64.Build.0 = Debug_MD_DLL|x64
		{9EE67DB2-4AD8-4B9A-AE58-2E536412033C}.Debug_MD_DLL|x86.ActiveCfg = Debug_MD_DLL|Win32
		{9EE67DB2-4AD8-4B9A-AE58-2E536412033C}.Debug_MD_DLL|x86.Build.0 = Debug_MD_DLL|Win32
		{9EE67DB2-4AD8-4B9A-AE58-2E536412033C}.Debug_MD|Any CPU.ActiveCfg = Debug_MD|Win32
		{9EE67DB2-4AD8-4B9A-AE58-2E536412033C}.Debug_MD|x64.ActiveCfg = Debug_MD|x64
		{9EE67DB2-4AD8-4B9A-AE58-2E536412033C}.Debug_MD|x64.Build.0 = Debug_MD|x64
		{9EE67DB2-4AD8-4B9A-AE58-2E536412033C}.Debug_MD|x86.ActiveCfg = Debug_MD|Win32
		{9EE67DB2-4AD8-4B9A-AE58-2E536412033C}.Debug_MD|x86.Build.0 = Debug_MD|Win32
		{9EE67DB2-4AD8-4B9A-AE58-2E536412033C}.Debug|Any CPU.ActiveCfg = Debug|Win32
		{9EE67DB2-4AD8-4B9A-AE58-2E536412033C}.Debug|x64.ActiveCfg = Debug|x64
		{9EE67DB2-4AD8-4B9A-AE58-2E536412033C}.Debug|x64.Build.0 = Debug|x64
		{9EE67DB2-4AD8-4B9A-AE58-2E536412033C}.Debug|x86.ActiveCfg = Debug|Win32
		{9EE67DB2-4AD8-4B9A-AE58-2E536412033C}.Debug|x86.Build.0 = Debug|Win32
		{9EE67DB2-4AD8-4B9A-AE58-2E536412033C}.Release_DLL|Any CPU.ActiveCfg = Release_DLL|Win32
		{9EE67DB2-4AD8-4B9A-AE58-2E536412033C}.Release_DLL|x64.ActiveCfg = Release_DLL|x64
		{9EE67DB2-4AD8-4B9A-AE58-2E536412033C}.Release_DLL|x64.Build.0 = Release_DLL|x64
		{9EE67DB2-4AD8-4B9A-AE58-2E536412033C}.Release_DLL|x86.ActiveCfg = Release_DLL|Win32
		{9EE67DB2-4AD8-4B9A-AE58-2E536412033C}.Release_DLL|x86.Build.0 = Release_DLL|Win32
		{9EE67DB2-4AD8-4B9A-AE58-2E536412033C}.Release_MD_DLL|Any CPU.ActiveCfg = Release_MD_DLL|Win32
		{9EE67DB2-4AD8-4B9A-AE58-2E536412033C}.Release_MD_DLL|x64.ActiveCfg = Release_MD_DLL|x64
		{9EE67DB2-4AD8-4B9A-AE58-2E536412033C}.Release_MD_DLL|x64.Build.0 = Release_MD_DLL|x64
		{9EE67DB2-4AD8-4B9A-AE58-2E536412033C}.Release_MD_DLL|x86.ActiveCfg = Release_MD_DLL|Win32
		{9EE67DB2-4AD8-4B9A-AE58-2E536412033C}.Release_MD_DLL|x86.Build.0 = Release_MD_DLL|Win32
		{9EE67DB2-4AD8-4B9A-AE58-2E536412033C}.Release_MD|Any CPU.ActiveCfg = Release_MD|Win32
		{9EE67DB2-4AD8-4B9A-AE58-2E536412033C}.Release_MD|x64.ActiveCfg = Release_MD|x64
		{9EE67DB2-4AD8-4B9A-AE58-2E536412033C}.Release_MD|x64.Build.0 = Release_MD|x64
		{9EE67DB2-4AD8-4B9A-AE58-2E536412033C}.Release_MD|x86.ActiveCfg = Release_MD|Win32
		{9EE67DB2-4AD8-4B9A-AE58-2E536412033C}.Release_MD|x86.Build.0 = Release_MD|Win32
		{9EE67DB2-4AD8-4B9A-AE58-2E536412033C}.Release|Any CPU.ActiveCfg = Release|Win32
		{9EE67DB2-4AD8-4B9A-AE58-2E536412033C}.Release|x64.ActiveCfg = Release|x64
		{9EE67DB2-4AD8-4B9A-AE58-2E536412033C}.Release|x64.Build.0 = Release|x64
		{9EE67DB2-4AD8-4B9A-AE58-2E536412033C}.Release|x86.ActiveCfg = Release|Win32
		{9EE67DB2-4AD8-4B9A-AE58-2E536412033C}.Release|x86.Build.0 = Release|Win32
		{9EE67DB2-4AD8-4B9A-AE58-2E536412033C}.TestDebug|Any CPU.ActiveCfg = Debug_MD|x64
		{9EE67DB2-4AD8-4B9A-AE58-2E536412033C}.TestDebug|Any CPU.Build.0 = Debug_MD|x64
		{9EE67DB2-4AD8-4B9A-AE58-2E536412033C}.TestDebug|x64.ActiveCfg = Debug|x64
		{9EE67DB2-4AD8-4B9A-AE58-2E536412033C}.TestDebug|x64.Build.0 = Debug|x64
		{9EE67DB2-4AD8-4B9A-AE58-2E536412033C}.TestDebug|x86.ActiveCfg = Debug|Win32
		{9EE67DB2-4AD8-4B9A-AE58-2E536412033C}.TestDebug|x86.Build.0 = Debug|Win32
	EndGlobalSection
	GlobalSection(SolutionProperties) = preSolution
		HideSolutionNode = FALSE
	EndGlobalSection
	GlobalSection(ExtensibilityGlobals) = postSolution
		SolutionGuid = {3985ACF2-47CB-4342-B653-D36F93FD0345}
	EndGlobalSection
EndGlobal
