
Microsoft Visual Studio Solution File, Format Version 12.00
# Visual Studio Version 16
VisualStudioVersion = 16.0.29306.81
MinimumVisualStudioVersion = 10.0.40219.1
Project("{FAE04EC0-301F-11D3-BF4B-00C04F79EFBC}") = "ImageFramework", "ImageFramework\ImageFramework.csproj", "{1FCF1E39-B845-409F-842D-CCA7CB21DC06}"
	ProjectSection(ProjectDependencies) = postProject
		{D7F88FA5-B8FF-4BBF-B583-54B41B9B6851} = {D7F88FA5-B8FF-4BBF-B583-54B41B9B6851}
	EndProjectSection
EndProject
Project("{FAE04EC0-301F-11D3-BF4B-00C04F79EFBC}") = "ImageViewer", "ImageViewer\ImageViewer.csproj", "{B5E5D6D0-198D-40A4-9865-395DE61326BE}"
EndProject
Project("{8BC9CEB8-8B4A-11D0-8D11-00A0C91BC942}") = "DxImageLoader", "DxImageLoader\DxImageLoader.vcxproj", "{D7F88FA5-B8FF-4BBF-B583-54B41B9B6851}"
EndProject
Project("{FAE04EC0-301F-11D3-BF4B-00C04F79EFBC}") = "FrameworkTests", "FrameworkTests\FrameworkTests.csproj", "{37F3F102-C4E9-4B5B-B3F6-82D7CBAF6B07}"
EndProject
Project("{FAE04EC0-301F-11D3-BF4B-00C04F79EFBC}") = "ImageConsole", "ImageConsole\ImageConsole.csproj", "{30D45348-6B50-4A12-BE22-9B16B4B1A2A0}"
EndProject
Project("{8BC9CEB8-8B4A-11D0-8D11-00A0C91BC942}") = "ThumbnailHandler", "ThumbnailHandler\ThumbnailHandler.vcxproj", "{4A25BFFD-D34D-419B-AC91-1B343E87205F}"
EndProject
Project("{8BC9CEB8-8B4A-11D0-8D11-00A0C91BC942}") = "ConsoleTest", "ConsoleTest\ConsoleTest.vcxproj", "{C9F74F52-0FF8-46EE-A43A-5A7BA93D68A1}"
EndProject
Project("{8BC9CEB8-8B4A-11D0-8D11-00A0C91BC942}") = "Compressonator", "dependencies\compressonator\Compressonator\VS2015\CompressonatorLib.vcxproj", "{9EE67DB2-4AD8-4B9A-AE58-2E536412033C}"
EndProject
Project("{8BC9CEB8-8B4A-11D0-8D11-00A0C91BC942}") = "zlib", "dependencies\libpng\projects\vstudio\zlib\zlib.vcxproj", "{60F89955-91C6-3A36-8000-13C592FEC2DF}"
EndProject
Project("{8BC9CEB8-8B4A-11D0-8D11-00A0C91BC942}") = "libpng", "dependencies\libpng\projects\vstudio\libpng\libpng.vcxproj", "{D6973076-9317-4EF2-A0B8-B7A18AC0713E}"
EndProject
Project("{2150E333-8FDC-42A3-9474-1A3956D46DE8}") = "png", "png", "{DDFE1395-A67F-4ABF-AE66-CAABC8E0E641}"
EndProject
Project("{FAE04EC0-301F-11D3-BF4B-00C04F79EFBC}") = "ViewerTests", "ViewerTests\ViewerTests.csproj", "{1EF7ED46-FCE2-49BF-8F59-D894ECE21EC7}"
EndProject
Global
	GlobalSection(SolutionConfigurationPlatforms) = preSolution
		Debug|Any CPU = Debug|Any CPU
		Debug|x64 = Debug|x64
		Debug|x86 = Debug|x86
		Release|Any CPU = Release|Any CPU
		Release|x64 = Release|x64
		Release|x86 = Release|x86
	EndGlobalSection
	GlobalSection(ProjectConfigurationPlatforms) = postSolution
		{1FCF1E39-B845-409F-842D-CCA7CB21DC06}.Debug|Any CPU.ActiveCfg = Debug|Any CPU
		{1FCF1E39-B845-409F-842D-CCA7CB21DC06}.Debug|Any CPU.Build.0 = Debug|Any CPU
		{1FCF1E39-B845-409F-842D-CCA7CB21DC06}.Debug|x64.ActiveCfg = Debug|x64
		{1FCF1E39-B845-409F-842D-CCA7CB21DC06}.Debug|x64.Build.0 = Debug|x64
		{1FCF1E39-B845-409F-842D-CCA7CB21DC06}.Debug|x86.ActiveCfg = Debug|Any CPU
		{1FCF1E39-B845-409F-842D-CCA7CB21DC06}.Debug|x86.Build.0 = Debug|Any CPU
		{1FCF1E39-B845-409F-842D-CCA7CB21DC06}.Release|Any CPU.ActiveCfg = Release|Any CPU
		{1FCF1E39-B845-409F-842D-CCA7CB21DC06}.Release|Any CPU.Build.0 = Release|Any CPU
		{1FCF1E39-B845-409F-842D-CCA7CB21DC06}.Release|x64.ActiveCfg = Release|x64
		{1FCF1E39-B845-409F-842D-CCA7CB21DC06}.Release|x64.Build.0 = Release|x64
		{1FCF1E39-B845-409F-842D-CCA7CB21DC06}.Release|x86.ActiveCfg = Release|Any CPU
		{1FCF1E39-B845-409F-842D-CCA7CB21DC06}.Release|x86.Build.0 = Release|Any CPU
		{B5E5D6D0-198D-40A4-9865-395DE61326BE}.Debug|Any CPU.ActiveCfg = Debug|Any CPU
		{B5E5D6D0-198D-40A4-9865-395DE61326BE}.Debug|Any CPU.Build.0 = Debug|Any CPU
		{B5E5D6D0-198D-40A4-9865-395DE61326BE}.Debug|x64.ActiveCfg = Debug|x64
		{B5E5D6D0-198D-40A4-9865-395DE61326BE}.Debug|x64.Build.0 = Debug|x64
		{B5E5D6D0-198D-40A4-9865-395DE61326BE}.Debug|x86.ActiveCfg = Debug|Any CPU
		{B5E5D6D0-198D-40A4-9865-395DE61326BE}.Debug|x86.Build.0 = Debug|Any CPU
		{B5E5D6D0-198D-40A4-9865-395DE61326BE}.Release|Any CPU.ActiveCfg = Release|Any CPU
		{B5E5D6D0-198D-40A4-9865-395DE61326BE}.Release|Any CPU.Build.0 = Release|Any CPU
		{B5E5D6D0-198D-40A4-9865-395DE61326BE}.Release|x64.ActiveCfg = Release|x64
		{B5E5D6D0-198D-40A4-9865-395DE61326BE}.Release|x64.Build.0 = Release|x64
		{B5E5D6D0-198D-40A4-9865-395DE61326BE}.Release|x86.ActiveCfg = Release|Any CPU
		{B5E5D6D0-198D-40A4-9865-395DE61326BE}.Release|x86.Build.0 = Release|Any CPU
		{D7F88FA5-B8FF-4BBF-B583-54B41B9B6851}.Debug|Any CPU.ActiveCfg = Debug|Win32
		{D7F88FA5-B8FF-4BBF-B583-54B41B9B6851}.Debug|x64.ActiveCfg = Debug|x64
		{D7F88FA5-B8FF-4BBF-B583-54B41B9B6851}.Debug|x64.Build.0 = Debug|x64
		{D7F88FA5-B8FF-4BBF-B583-54B41B9B6851}.Debug|x86.ActiveCfg = Debug|Win32
		{D7F88FA5-B8FF-4BBF-B583-54B41B9B6851}.Debug|x86.Build.0 = Debug|Win32
		{D7F88FA5-B8FF-4BBF-B583-54B41B9B6851}.Release|Any CPU.ActiveCfg = Release|Win32
		{D7F88FA5-B8FF-4BBF-B583-54B41B9B6851}.Release|x64.ActiveCfg = Release|x64
		{D7F88FA5-B8FF-4BBF-B583-54B41B9B6851}.Release|x64.Build.0 = Release|x64
		{D7F88FA5-B8FF-4BBF-B583-54B41B9B6851}.Release|x86.ActiveCfg = Release|Win32
		{D7F88FA5-B8FF-4BBF-B583-54B41B9B6851}.Release|x86.Build.0 = Release|Win32
		{37F3F102-C4E9-4B5B-B3F6-82D7CBAF6B07}.Debug|Any CPU.ActiveCfg = Debug|Any CPU
		{37F3F102-C4E9-4B5B-B3F6-82D7CBAF6B07}.Debug|Any CPU.Build.0 = Debug|Any CPU
		{37F3F102-C4E9-4B5B-B3F6-82D7CBAF6B07}.Debug|x64.ActiveCfg = Debug|x64
		{37F3F102-C4E9-4B5B-B3F6-82D7CBAF6B07}.Debug|x64.Build.0 = Debug|x64
		{37F3F102-C4E9-4B5B-B3F6-82D7CBAF6B07}.Debug|x86.ActiveCfg = Debug|Any CPU
		{37F3F102-C4E9-4B5B-B3F6-82D7CBAF6B07}.Debug|x86.Build.0 = Debug|Any CPU
		{37F3F102-C4E9-4B5B-B3F6-82D7CBAF6B07}.Release|Any CPU.ActiveCfg = Release|Any CPU
		{37F3F102-C4E9-4B5B-B3F6-82D7CBAF6B07}.Release|Any CPU.Build.0 = Release|Any CPU
		{37F3F102-C4E9-4B5B-B3F6-82D7CBAF6B07}.Release|x64.ActiveCfg = Release|x64
		{37F3F102-C4E9-4B5B-B3F6-82D7CBAF6B07}.Release|x64.Build.0 = Release|x64
		{37F3F102-C4E9-4B5B-B3F6-82D7CBAF6B07}.Release|x86.ActiveCfg = Release|Any CPU
		{37F3F102-C4E9-4B5B-B3F6-82D7CBAF6B07}.Release|x86.Build.0 = Release|Any CPU
		{30D45348-6B50-4A12-BE22-9B16B4B1A2A0}.Debug|Any CPU.ActiveCfg = Debug|Any CPU
		{30D45348-6B50-4A12-BE22-9B16B4B1A2A0}.Debug|Any CPU.Build.0 = Debug|Any CPU
		{30D45348-6B50-4A12-BE22-9B16B4B1A2A0}.Debug|x64.ActiveCfg = Debug|x64
		{30D45348-6B50-4A12-BE22-9B16B4B1A2A0}.Debug|x64.Build.0 = Debug|x64
		{30D45348-6B50-4A12-BE22-9B16B4B1A2A0}.Debug|x86.ActiveCfg = Debug|Any CPU
		{30D45348-6B50-4A12-BE22-9B16B4B1A2A0}.Debug|x86.Build.0 = Debug|Any CPU
		{30D45348-6B50-4A12-BE22-9B16B4B1A2A0}.Release|Any CPU.ActiveCfg = Release|Any CPU
		{30D45348-6B50-4A12-BE22-9B16B4B1A2A0}.Release|Any CPU.Build.0 = Release|Any CPU
		{30D45348-6B50-4A12-BE22-9B16B4B1A2A0}.Release|x64.ActiveCfg = Release|x64
		{30D45348-6B50-4A12-BE22-9B16B4B1A2A0}.Release|x64.Build.0 = Release|x64
		{30D45348-6B50-4A12-BE22-9B16B4B1A2A0}.Release|x86.ActiveCfg = Release|Any CPU
		{30D45348-6B50-4A12-BE22-9B16B4B1A2A0}.Release|x86.Build.0 = Release|Any CPU
		{4A25BFFD-D34D-419B-AC91-1B343E87205F}.Debug|Any CPU.ActiveCfg = Debug|Win32
		{4A25BFFD-D34D-419B-AC91-1B343E87205F}.Debug|x64.ActiveCfg = Debug|x64
		{4A25BFFD-D34D-419B-AC91-1B343E87205F}.Debug|x64.Build.0 = Debug|x64
		{4A25BFFD-D34D-419B-AC91-1B343E87205F}.Debug|x86.ActiveCfg = Debug|Win32
		{4A25BFFD-D34D-419B-AC91-1B343E87205F}.Debug|x86.Build.0 = Debug|Win32
		{4A25BFFD-D34D-419B-AC91-1B343E87205F}.Release|Any CPU.ActiveCfg = Release|Win32
		{4A25BFFD-D34D-419B-AC91-1B343E87205F}.Release|x64.ActiveCfg = Release|x64
		{4A25BFFD-D34D-419B-AC91-1B343E87205F}.Release|x64.Build.0 = Release|x64
		{4A25BFFD-D34D-419B-AC91-1B343E87205F}.Release|x86.ActiveCfg = Release|Win32
		{4A25BFFD-D34D-419B-AC91-1B343E87205F}.Release|x86.Build.0 = Release|Win32
		{C9F74F52-0FF8-46EE-A43A-5A7BA93D68A1}.Debug|Any CPU.ActiveCfg = Debug|Win32
		{C9F74F52-0FF8-46EE-A43A-5A7BA93D68A1}.Debug|x64.ActiveCfg = Debug|x64
		{C9F74F52-0FF8-46EE-A43A-5A7BA93D68A1}.Debug|x64.Build.0 = Debug|x64
		{C9F74F52-0FF8-46EE-A43A-5A7BA93D68A1}.Debug|x86.ActiveCfg = Debug|Win32
		{C9F74F52-0FF8-46EE-A43A-5A7BA93D68A1}.Debug|x86.Build.0 = Debug|Win32
		{C9F74F52-0FF8-46EE-A43A-5A7BA93D68A1}.Release|Any CPU.ActiveCfg = Release|Win32
		{C9F74F52-0FF8-46EE-A43A-5A7BA93D68A1}.Release|x64.ActiveCfg = Release|x64
		{C9F74F52-0FF8-46EE-A43A-5A7BA93D68A1}.Release|x64.Build.0 = Release|x64
		{C9F74F52-0FF8-46EE-A43A-5A7BA93D68A1}.Release|x86.ActiveCfg = Release|Win32
		{C9F74F52-0FF8-46EE-A43A-5A7BA93D68A1}.Release|x86.Build.0 = Release|Win32
		{9EE67DB2-4AD8-4B9A-AE58-2E536412033C}.Debug|Any CPU.ActiveCfg = Debug|Win32
		{9EE67DB2-4AD8-4B9A-AE58-2E536412033C}.Debug|x64.ActiveCfg = Debug|x64
		{9EE67DB2-4AD8-4B9A-AE58-2E536412033C}.Debug|x64.Build.0 = Debug|x64
		{9EE67DB2-4AD8-4B9A-AE58-2E536412033C}.Debug|x86.ActiveCfg = Debug|Win32
		{9EE67DB2-4AD8-4B9A-AE58-2E536412033C}.Debug|x86.Build.0 = Debug|Win32
		{9EE67DB2-4AD8-4B9A-AE58-2E536412033C}.Release|Any CPU.ActiveCfg = Release|Win32
		{9EE67DB2-4AD8-4B9A-AE58-2E536412033C}.Release|x64.ActiveCfg = Release|x64
		{9EE67DB2-4AD8-4B9A-AE58-2E536412033C}.Release|x64.Build.0 = Release|x64
		{9EE67DB2-4AD8-4B9A-AE58-2E536412033C}.Release|x86.ActiveCfg = Release|Win32
		{9EE67DB2-4AD8-4B9A-AE58-2E536412033C}.Release|x86.Build.0 = Release|Win32
		{60F89955-91C6-3A36-8000-13C592FEC2DF}.Debug|Any CPU.ActiveCfg = Debug|Win32
		{60F89955-91C6-3A36-8000-13C592FEC2DF}.Debug|x64.ActiveCfg = Debug Library|x64
		{60F89955-91C6-3A36-8000-13C592FEC2DF}.Debug|x64.Build.0 = Debug Library|x64
		{60F89955-91C6-3A36-8000-13C592FEC2DF}.Debug|x86.ActiveCfg = Debug|Win32
		{60F89955-91C6-3A36-8000-13C592FEC2DF}.Debug|x86.Build.0 = Debug|Win32
		{60F89955-91C6-3A36-8000-13C592FEC2DF}.Release|Any CPU.ActiveCfg = Release|Win32
		{60F89955-91C6-3A36-8000-13C592FEC2DF}.Release|x64.ActiveCfg = Release Library|x64
		{60F89955-91C6-3A36-8000-13C592FEC2DF}.Release|x64.Build.0 = Release Library|x64
		{60F89955-91C6-3A36-8000-13C592FEC2DF}.Release|x86.ActiveCfg = Release|Win32
		{60F89955-91C6-3A36-8000-13C592FEC2DF}.Release|x86.Build.0 = Release|Win32
		{D6973076-9317-4EF2-A0B8-B7A18AC0713E}.Debug|Any CPU.ActiveCfg = Debug|Win32
		{D6973076-9317-4EF2-A0B8-B7A18AC0713E}.Debug|x64.ActiveCfg = Debug Library|x64
		{D6973076-9317-4EF2-A0B8-B7A18AC0713E}.Debug|x64.Build.0 = Debug Library|x64
		{D6973076-9317-4EF2-A0B8-B7A18AC0713E}.Debug|x86.ActiveCfg = Debug|Win32
		{D6973076-9317-4EF2-A0B8-B7A18AC0713E}.Debug|x86.Build.0 = Debug|Win32
		{D6973076-9317-4EF2-A0B8-B7A18AC0713E}.Release|Any CPU.ActiveCfg = Release|Win32
		{D6973076-9317-4EF2-A0B8-B7A18AC0713E}.Release|x64.ActiveCfg = Release Library|x64
		{D6973076-9317-4EF2-A0B8-B7A18AC0713E}.Release|x64.Build.0 = Release Library|x64
		{D6973076-9317-4EF2-A0B8-B7A18AC0713E}.Release|x86.ActiveCfg = Release|Win32
		{D6973076-9317-4EF2-A0B8-B7A18AC0713E}.Release|x86.Build.0 = Release|Win32
		{1EF7ED46-FCE2-49BF-8F59-D894ECE21EC7}.Debug|Any CPU.ActiveCfg = Debug|Any CPU
		{1EF7ED46-FCE2-49BF-8F59-D894ECE21EC7}.Debug|Any CPU.Build.0 = Debug|Any CPU
		{1EF7ED46-FCE2-49BF-8F59-D894ECE21EC7}.Debug|x64.ActiveCfg = Debug|x64
		{1EF7ED46-FCE2-49BF-8F59-D894ECE21EC7}.Debug|x64.Build.0 = Debug|x64
		{1EF7ED46-FCE2-49BF-8F59-D894ECE21EC7}.Debug|x86.ActiveCfg = Debug|Any CPU
		{1EF7ED46-FCE2-49BF-8F59-D894ECE21EC7}.Debug|x86.Build.0 = Debug|Any CPU
		{1EF7ED46-FCE2-49BF-8F59-D894ECE21EC7}.Release|Any CPU.ActiveCfg = Release|Any CPU
		{1EF7ED46-FCE2-49BF-8F59-D894ECE21EC7}.Release|Any CPU.Build.0 = Release|Any CPU
		{1EF7ED46-FCE2-49BF-8F59-D894ECE21EC7}.Release|x64.ActiveCfg = Release|x64
		{1EF7ED46-FCE2-49BF-8F59-D894ECE21EC7}.Release|x64.Build.0 = Release|x64
		{1EF7ED46-FCE2-49BF-8F59-D894ECE21EC7}.Release|x86.ActiveCfg = Release|Any CPU
		{1EF7ED46-FCE2-49BF-8F59-D894ECE21EC7}.Release|x86.Build.0 = Release|Any CPU
	EndGlobalSection
	GlobalSection(SolutionProperties) = preSolution
		HideSolutionNode = FALSE
	EndGlobalSection
	GlobalSection(NestedProjects) = preSolution
		{60F89955-91C6-3A36-8000-13C592FEC2DF} = {DDFE1395-A67F-4ABF-AE66-CAABC8E0E641}
		{D6973076-9317-4EF2-A0B8-B7A18AC0713E} = {DDFE1395-A67F-4ABF-AE66-CAABC8E0E641}
	EndGlobalSection
	GlobalSection(ExtensibilityGlobals) = postSolution
		SolutionGuid = {3985ACF2-47CB-4342-B653-D36F93FD0345}
	EndGlobalSection
EndGlobal
