<?xml version="1.0" encoding="utf-8"?>
<Project ToolsVersion="4.0" xmlns="http://schemas.microsoft.com/developer/msbuild/2003">
  <ItemGroup>
    <Filter Include="Source Files">
      <UniqueIdentifier>{4FC737F1-C7A5-4376-A066-2A32D752A2FF}</UniqueIdentifier>
      <Extensions>cpp;c;cc;cxx;def;odl;idl;hpj;bat;asm;asmx</Extensions>
    </Filter>
    <Filter Include="Resource Files">
      <UniqueIdentifier>{67DA6AB6-F800-4c08-8B7A-83BB121AAD01}</UniqueIdentifier>
      <Extensions>rc;ico;cur;bmp;dlg;rc2;rct;bin;rgs;gif;jpg;jpeg;jpe;resx;tiff;tif;png;wav;mfcribbon-ms</Extensions>
    </Filter>
    <Filter Include="Source Files\Image">
      <UniqueIdentifier>{cf9ac3fc-9d40-4e7b-b6de-f4f47acbb492}</UniqueIdentifier>
    </Filter>
    <Filter Include="Source Files\stbi">
      <UniqueIdentifier>{55ec61f5-3a17-435f-ae45-85953d843198}</UniqueIdentifier>
    </Filter>
    <Filter Include="Source Files\pfm">
      <UniqueIdentifier>{4bc91d60-b395-45b5-8e3d-f5179a5e72e5}</UniqueIdentifier>
    </Filter>
    <Filter Include="Source Files\exr">
      <UniqueIdentifier>{9ff46aec-7645-4b15-9659-5cdd70224339}</UniqueIdentifier>
    </Filter>
    <Filter Include="Source Files\gli">
      <UniqueIdentifier>{0f6a55b3-1251-4e6e-acd8-4993d50cf256}</UniqueIdentifier>
    </Filter>
    <Filter Include="Source Files\pch">
      <UniqueIdentifier>{8cd5d375-8cd5-471b-9ed4-f97898fb9ebe}</UniqueIdentifier>
    </Filter>
    <Filter Include="Source Files\compressonator">
      <UniqueIdentifier>{b79dc3ea-c92e-471d-a9cc-2c73ddd0c76c}</UniqueIdentifier>
    </Filter>
    <Filter Include="Docs">
      <UniqueIdentifier>{bcc359f8-a3e6-4178-8107-2121fe8a439f}</UniqueIdentifier>
    </Filter>
    <Filter Include="Source Files\ktx">
      <UniqueIdentifier>{eeebfb23-90b2-47c0-a59e-0eaa4705cc99}</UniqueIdentifier>
    </Filter>
    <Filter Include="dll">
      <UniqueIdentifier>{f0959f41-7625-49a6-987e-9e60b6f7214e}</UniqueIdentifier>
    </Filter>
    <Filter Include="Source Files\png">
      <UniqueIdentifier>{5fdd4c5c-13b7-4b9f-a95c-0dad8f9afc95}</UniqueIdentifier>
    </Filter>
    <Filter Include="Docs\img">
      <UniqueIdentifier>{e9a0ecf1-1d70-4a7b-8bc3-0fa2bfeeb454}</UniqueIdentifier>
    </Filter>
  </ItemGroup>
  <ItemGroup>
    <ClInclude Include="Layer.h">
      <Filter>Source Files\Image</Filter>
    </ClInclude>
    <ClInclude Include="Image.h">
      <Filter>Source Files\Image</Filter>
    </ClInclude>
    <ClInclude Include="Mipmap.h">
      <Filter>Source Files\Image</Filter>
    </ClInclude>
    <ClInclude Include="stbi_interface.h">
      <Filter>Source Files\stbi</Filter>
    </ClInclude>
    <ClInclude Include="..\dependencies\stb_image.h">
      <Filter>Source Files\stbi</Filter>
    </ClInclude>
    <ClInclude Include="..\dependencies\stb_image_write.h">
      <Filter>Source Files\stbi</Filter>
    </ClInclude>
    <ClInclude Include="pfm_interface.h">
      <Filter>Source Files\pfm</Filter>
    </ClInclude>
    <ClInclude Include="exr_interface.h">
      <Filter>Source Files\exr</Filter>
    </ClInclude>
    <ClInclude Include="gli_interface.h">
      <Filter>Source Files\gli</Filter>
    </ClInclude>
    <ClInclude Include="interface.h">
      <Filter>Source Files</Filter>
    </ClInclude>
    <ClInclude Include="pch.h">
      <Filter>Source Files\pch</Filter>
    </ClInclude>
    <ClInclude Include="framework.h">
      <Filter>Source Files\pch</Filter>
    </ClInclude>
    <ClInclude Include="convert.h">
      <Filter>Source Files\Image</Filter>
    </ClInclude>
    <ClInclude Include="..\dependencies\compressonator\Compressonator\Header\Compressonator.h">
      <Filter>Source Files\compressonator</Filter>
    </ClInclude>
    <ClInclude Include="compress_interface.h">
      <Filter>Source Files\compressonator</Filter>
    </ClInclude>
    <ClInclude Include="ktx_interface.h">
      <Filter>Source Files\ktx</Filter>
    </ClInclude>
    <ClInclude Include="VkFormat.h">
      <Filter>Source Files\ktx</Filter>
    </ClInclude>
    <ClInclude Include="GliImage.h">
      <Filter>Source Files\gli</Filter>
    </ClInclude>
    <ClInclude Include="png_interface.h">
      <Filter>Source Files\png</Filter>
    </ClInclude>
  </ItemGroup>
  <ItemGroup>
    <ClCompile Include="dllmain.cpp">
      <Filter>Source Files</Filter>
    </ClCompile>
    <ClCompile Include="stbi_interface.cpp">
      <Filter>Source Files\stbi</Filter>
    </ClCompile>
    <ClCompile Include="pfm_interface.cpp">
      <Filter>Source Files\pfm</Filter>
    </ClCompile>
    <ClCompile Include="exr_interface.cpp">
      <Filter>Source Files\exr</Filter>
    </ClCompile>
    <ClCompile Include="gli_interface.cpp">
      <Filter>Source Files\gli</Filter>
    </ClCompile>
    <ClCompile Include="interface.cpp">
      <Filter>Source Files</Filter>
    </ClCompile>
    <ClCompile Include="pch.cpp">
      <Filter>Source Files\pch</Filter>
    </ClCompile>
    <ClCompile Include="Image.cpp">
      <Filter>Source Files\Image</Filter>
    </ClCompile>
    <ClCompile Include="compress_interface.cpp">
      <Filter>Source Files\compressonator</Filter>
    </ClCompile>
    <ClCompile Include="ktx_interface.cpp">
      <Filter>Source Files\ktx</Filter>
    </ClCompile>
    <ClCompile Include="GliImage.cpp">
      <Filter>Source Files\gli</Filter>
    </ClCompile>
    <ClCompile Include="png_interface.cpp">
      <Filter>Source Files\png</Filter>
    </ClCompile>
  </ItemGroup>
  <ItemGroup>
    <CopyFileToFolders Include="..\Docs\requirements.md">
      <Filter>Docs</Filter>
    </CopyFileToFolders>
    <CopyFileToFolders Include="..\dependencies\lib\glew32.dll">
      <Filter>dll</Filter>
    </CopyFileToFolders>
    <CopyFileToFolders Include="..\dependencies\lib\libktx.gl.dll">
      <Filter>dll</Filter>
    </CopyFileToFolders>
    <CopyFileToFolders Include="..\Docs\about.md">
      <Filter>Docs</Filter>
    </CopyFileToFolders>
    <CopyFileToFolders Include="..\Docs\equation.md">
      <Filter>Docs</Filter>
    </CopyFileToFolders>
    <CopyFileToFolders Include="..\Docs\filter_manual.md">
      <Filter>Docs</Filter>
    </CopyFileToFolders>
    <CopyFileToFolders Include="..\Docs\README.md">
      <Filter>Docs</Filter>
    </CopyFileToFolders>
    <CopyFileToFolders Include="..\Docs\mipmaps.md">
      <Filter>Docs</Filter>
    </CopyFileToFolders>
    <CopyFileToFolders Include="..\Docs\img\box_kernel.png">
      <Filter>Docs\img</Filter>
    </CopyFileToFolders>
    <CopyFileToFolders Include="..\Docs\img\lanzos_kernel.png">
      <Filter>Docs\img</Filter>
    </CopyFileToFolders>
    <CopyFileToFolders Include="..\Docs\img\triangle_kernel.png">
      <Filter>Docs\img</Filter>
    </CopyFileToFolders>
    <CopyFileToFolders Include="..\Docs\img\mip_compare.png">
      <Filter>Docs\img</Filter>
    </CopyFileToFolders>
  </ItemGroup>
  <ItemGroup>
    <None Include="..\Docs\statistics.md">
      <Filter>Docs</Filter>
    </None>
  </ItemGroup>
</Project>