<?xml version="1.0" encoding="utf-8"?>
<Project ToolsVersion="4.0" xmlns="http://schemas.microsoft.com/developer/msbuild/2003">
  <ItemGroup>
    <Filter Include="Source Files">
      <UniqueIdentifier>{4FC737F1-C7A5-4376-A066-2A32D752A2FF}</UniqueIdentifier>
      <Extensions>cpp;c;cc;cxx;def;odl;idl;hpj;bat;asm;asmx</Extensions>
    </Filter>
    <Filter Include="Resource Files">
      <UniqueIdentifier>{67DA6AB6-F800-4c08-8B7A-83BB121AAD01}</UniqueIdentifier>
      <Extensions>rc;ico;cur;bmp;dlg;rc2;rct;bin;rgs;gif;jpg;jpeg;jpe;resx;tiff;tif;png;wav;mfcribbon-ms</Extensions>
    </Filter>
    <Filter Include="Source Files\Handler">
      <UniqueIdentifier>{a59d2826-ccbf-4fa3-804c-db97e37b3ec0}</UniqueIdentifier>
    </Filter>
  </ItemGroup>
  <ItemGroup>
    <ClInclude Include="pch.h">
      <Filter>Source Files</Filter>
    </ClInclude>
    <ClInclude Include="ClassFactory.h">
      <Filter>Source Files</Filter>
    </ClInclude>
    <ClInclude Include="Reg.h">
      <Filter>Source Files</Filter>
    </ClInclude>
    <ClInclude Include="ThumbnailProvider.h">
      <Filter>Source Files\Handler</Filter>
    </ClInclude>
  </ItemGroup>
  <ItemGroup>
    <ClCompile Include="dllmain.cpp">
      <Filter>Source Files</Filter>
    </ClCompile>
    <ClCompile Include="pch.cpp">
      <Filter>Source Files</Filter>
    </ClCompile>
    <ClCompile Include="ClassFactory.cpp">
      <Filter>Source Files</Filter>
    </ClCompile>
    <ClCompile Include="Reg.cpp">
      <Filter>Source Files</Filter>
    </ClCompile>
    <ClCompile Include="ThumbnailProvider.cpp">
      <Filter>Source Files\Handler</Filter>
    </ClCompile>
  </ItemGroup>
  <ItemGroup>
    <None Include="GlobalExportFunctions.def">
      <Filter>Source Files</Filter>
    </None>
  </ItemGroup>
  <ItemGroup>
    <Text Include="thumbnail_readme.txt" />
  </ItemGroup>
</Project>